
Microsoft Visual Studio Solution File, Format Version 12.00
# Visual Studio Version 17
VisualStudioVersion = 17.3.32901.215
MinimumVisualStudioVersion = 10.0.40219.1
Project("{9A19103F-16F7-4668-BE54-9A1E7A4F7556}") = "Demo1.Api", "Demo1\Demo1.Api\Demo1.Api.csproj", "{AF34529C-9CC2-48B4-A887-3B148A6D907A}"
EndProject
Project("{9A19103F-16F7-4668-BE54-9A1E7A4F7556}") = "Demo1.BusinessLogic.Commands", "Demo1\Demo1.BusinessLogic.Commands\Demo1.BusinessLogic.Commands.csproj", "{C72E31FA-C729-4320-A71F-BC4600A2EAA9}"
EndProject
Project("{2150E333-8FDC-42A3-9474-1A3956D46DE8}") = "!Solution Items", "!Solution Items", "{24A80F2D-E586-4703-9DB6-FB25259FC236}"
	ProjectSection(SolutionItems) = preProject
		Directory.Build.props = Directory.Build.props
		change_log.txt = change_log.txt
		LICENSE = LICENSE
	EndProjectSection
EndProject
Project("{9A19103F-16F7-4668-BE54-9A1E7A4F7556}") = "Demo1.DataTransfer", "Demo1\Demo1.DataTransfer\Demo1.DataTransfer.csproj", "{BF139F55-52D7-41DF-9FF3-FBF1A5613566}"
EndProject
Project("{9A19103F-16F7-4668-BE54-9A1E7A4F7556}") = "Demo1.Models.Read", "Demo1\Demo1.Models.Read\Demo1.Models.Read.csproj", "{8209FE57-EC43-4943-9F5A-DCE59BECE1B0}"
EndProject
Project("{9A19103F-16F7-4668-BE54-9A1E7A4F7556}") = "Demo1.Models.Domain", "Demo1\Demo1.Models.Domain\Demo1.Models.Domain.csproj", "{51942408-249A-4EAA-88DD-C99394C10B91}"
EndProject
Project("{9A19103F-16F7-4668-BE54-9A1E7A4F7556}") = "Demo1.Database.Domain", "Demo1\Demo1.Database.Domain\Demo1.Database.Domain.csproj", "{6A326074-3875-48FE-B3FC-58746984798C}"
EndProject
Project("{9A19103F-16F7-4668-BE54-9A1E7A4F7556}") = "Demo1.Database.Read", "Demo1\Demo1.Database.Read\Demo1.Database.Read.csproj", "{0F15D200-D09B-4965-BA38-C338885919DA}"
EndProject
Project("{9A19103F-16F7-4668-BE54-9A1E7A4F7556}") = "Demo1.BusinessLogic.Queries", "Demo1\Demo1.BusinessLogic.Queries\Demo1.BusinessLogic.Queries.csproj", "{C3B6A47C-EEDC-4FA6-B328-D14020399DFA}"
EndProject
Project("{9A19103F-16F7-4668-BE54-9A1E7A4F7556}") = "Demo1.BusinessLogic.Validators", "Demo1\Demo1.BusinessLogic.Validators\Demo1.BusinessLogic.Validators.csproj", "{B95C7FB0-6E61-45E8-96BA-493AB5BC7595}"
EndProject
Project("{2150E333-8FDC-42A3-9474-1A3956D46DE8}") = "BusinessLogic", "BusinessLogic", "{76EA39E5-7E67-4727-AC6E-15A8200543BE}"
EndProject
Project("{2150E333-8FDC-42A3-9474-1A3956D46DE8}") = "Database", "Database", "{F93062E6-EE6B-43E2-AB20-27632C28A437}"
EndProject
Project("{2150E333-8FDC-42A3-9474-1A3956D46DE8}") = "Models", "Models", "{DEA8BD08-1EE5-4C48-B72E-5B3296F1C62F}"
EndProject
Project("{2150E333-8FDC-42A3-9474-1A3956D46DE8}") = "Libraries", "Libraries", "{31E68E16-8360-4E9A-BBB8-AFF160F67851}"
EndProject
Project("{9A19103F-16F7-4668-BE54-9A1E7A4F7556}") = "Demo1.Models.Read.Mappings", "Demo1\Demo1.Models.Read.Mappings\Demo1.Models.Read.Mappings.csproj", "{DE03ADB5-D3FF-41CF-8D58-B62132E5D55F}"
EndProject
Project("{2150E333-8FDC-42A3-9474-1A3956D46DE8}") = "Services", "Services", "{D6DB387F-FCCD-4ED5-B2E2-84DEE62CF8BB}"
EndProject
Project("{2150E333-8FDC-42A3-9474-1A3956D46DE8}") = "Demo1", "Demo1", "{84FDE0F6-0E39-46F4-BE4C-B0CCA431D13A}"
	ProjectSection(SolutionItems) = preProject
		Demo1\readme.txt = Demo1\readme.txt
	EndProjectSection
EndProject
Project("{2150E333-8FDC-42A3-9474-1A3956D46DE8}") = "Tests", "Tests", "{17637C69-C691-4368-8C26-DF6B58677214}"
EndProject
Project("{2150E333-8FDC-42A3-9474-1A3956D46DE8}") = "Demos", "Demos", "{54EA380B-014B-475D-AD85-204BA261E614}"
	ProjectSection(SolutionItems) = preProject
		TestingMode.cs = TestingMode.cs
	EndProjectSection
EndProject
Project("{2150E333-8FDC-42A3-9474-1A3956D46DE8}") = "Demo2", "Demo2", "{30F0C25D-7C28-4616-A8AA-C4370B09D3BC}"
	ProjectSection(SolutionItems) = preProject
		Demo2\readme.txt = Demo2\readme.txt
	EndProjectSection
EndProject
Project("{9A19103F-16F7-4668-BE54-9A1E7A4F7556}") = "rbkApiModules.Commons.Core", "Libraries\rbkApiModules.Commons.Core\rbkApiModules.Commons.Core.csproj", "{7F472334-93CA-42FF-A18B-637C72C1E056}"
EndProject
Project("{9A19103F-16F7-4668-BE54-9A1E7A4F7556}") = "rbkApiModules.Commons.Relational", "Libraries\rbkApiModules.Commons.Relational\rbkApiModules.Commons.Relational.csproj", "{91CE3FB9-26E0-461A-A5AA-847B1565FB7E}"
EndProject
Project("{9A19103F-16F7-4668-BE54-9A1E7A4F7556}") = "rbkApiModules.Identity.Relational", "Libraries\rbkApiModules.Identity.Relational\rbkApiModules.Identity.Relational.csproj", "{15EA1FCF-4EB3-4B7A-B014-9B5D7370F49A}"
EndProject
Project("{9A19103F-16F7-4668-BE54-9A1E7A4F7556}") = "rbkApiModules.Identity.Core", "Libraries\rbkApiModules.Identity.Core\rbkApiModules.Identity.Core.csproj", "{F53C0380-A975-4390-824A-7B9F88796F09}"
EndProject
Project("{9A19103F-16F7-4668-BE54-9A1E7A4F7556}") = "rbkApiModules.Comments.Core", "Libraries\rbkApiModules.Comments.Core\rbkApiModules.Comments.Core.csproj", "{1ACDC8AB-DE11-49B1-AC74-4176534A1A2A}"
EndProject
Project("{9A19103F-16F7-4668-BE54-9A1E7A4F7556}") = "rbkApiModules.Comments.Relational", "Libraries\rbkApiModules.Comments.Relational\rbkApiModules.Comments.Relational.csproj", "{4762A565-C7C6-47A0-8FD6-E779CEEB28D3}"
EndProject
Project("{9A19103F-16F7-4668-BE54-9A1E7A4F7556}") = "rbkApiModules.Faqs.Core", "Libraries\rbkApiModules.Faqs.Core\rbkApiModules.Faqs.Core.csproj", "{5AB5AD0C-0F0E-47B3-B5D8-5797A339D238}"
EndProject
Project("{9A19103F-16F7-4668-BE54-9A1E7A4F7556}") = "rbkApiModules.Faqs.Relational", "Libraries\rbkApiModules.Faqs.Relational\rbkApiModules.Faqs.Relational.csproj", "{10C61FB2-9703-4615-9A75-129BEE88B89A}"
EndProject
Project("{9A19103F-16F7-4668-BE54-9A1E7A4F7556}") = "rbkApiModules.Notifications.Core", "Libraries\rbkApiModules.Notifications.Core\rbkApiModules.Notifications.Core.csproj", "{A49F0C5E-9888-4A6B-84E5-94AF25D7FD67}"
EndProject
Project("{9A19103F-16F7-4668-BE54-9A1E7A4F7556}") = "rbkApiModules.Notifications.Relational", "Libraries\rbkApiModules.Notifications.Relational\rbkApiModules.Notifications.Relational.csproj", "{AE7C2CDC-1556-41B5-A942-60E0D90D6532}"
EndProject
Project("{9A19103F-16F7-4668-BE54-9A1E7A4F7556}") = "rbkApiModules.Workflow.Core", "Libraries\rbkApiModules.Workflow.Core\rbkApiModules.Workflow.Core.csproj", "{A546CFE5-BDE1-4E41-894C-403C8578AED3}"
EndProject
Project("{9A19103F-16F7-4668-BE54-9A1E7A4F7556}") = "rbkApiModules.Workflow.Relational", "Libraries\rbkApiModules.Workflow.Relational\rbkApiModules.Workflow.Relational.csproj", "{2ABD7BA1-BE33-48CA-9B19-781995C3C6FE}"
EndProject
Project("{9A19103F-16F7-4668-BE54-9A1E7A4F7556}") = "rbkApiModules.SharedUI.Core", "Libraries\rbkApiModules.SharedUI.Core\rbkApiModules.SharedUI.Core.csproj", "{8E7BC169-4A4F-4429-BAB8-1482E03286EE}"
EndProject
Project("{9A19103F-16F7-4668-BE54-9A1E7A4F7556}") = "rbkApiModules.Auditing.Core", "Libraries\rbkApiModules.Auditing.Core\rbkApiModules.Auditing.Core.csproj", "{74AE3E7A-8C42-4808-BB5F-8775B2A664B1}"
EndProject
Project("{9A19103F-16F7-4668-BE54-9A1E7A4F7556}") = "rbkApiModules.Auditing.Relational", "Libraries\rbkApiModules.Auditing.Relational\rbkApiModules.Auditing.Relational.csproj", "{604D7499-6FA6-498D-8A47-4241FF06043E}"
EndProject
Project("{2150E333-8FDC-42A3-9474-1A3956D46DE8}") = "Tests", "Tests", "{B31ADA3B-A0FD-44ED-B53B-F1788D520809}"
	ProjectSection(SolutionItems) = preProject
		CodeCoverage.runsettings = CodeCoverage.runsettings
		CoverageReport.ps1 = CoverageReport.ps1
		TestPlan.xlsx = TestPlan.xlsx
	EndProjectSection
EndProject
Project("{2150E333-8FDC-42A3-9474-1A3956D46DE8}") = "Scripts", "Scripts", "{47E1DA3D-CA3C-4155-BFCF-97EFA4BDCF88}"
	ProjectSection(SolutionItems) = preProject
		CleanRepositoryFolder.ps1 = CleanRepositoryFolder.ps1
		publish_pre-release.txt = publish_pre-release.txt
		tips.txt = tips.txt
		unlist.ps1 = unlist.ps1
	EndProjectSection
EndProject
Project("{9A19103F-16F7-4668-BE54-9A1E7A4F7556}") = "rbkApiModules.Testing.Core", "Libraries\rbkApiModules.Testing.Core\rbkApiModules.Testing.Core.csproj", "{75F81C8A-322E-460C-AE50-EA7147583B90}"
EndProject
Project("{2150E333-8FDC-42A3-9474-1A3956D46DE8}") = "Demo3", "Demo3", "{09F8AC1C-E203-476D-A59B-551405C12ED7}"
	ProjectSection(SolutionItems) = preProject
		Demo3\readme.txt = Demo3\readme.txt
	EndProjectSection
EndProject
Project("{9A19103F-16F7-4668-BE54-9A1E7A4F7556}") = "Demo2", "Demo2\Demo2\Demo2.csproj", "{509EE73F-C09C-4320-8728-2102B6FD5A7D}"
EndProject
Project("{9A19103F-16F7-4668-BE54-9A1E7A4F7556}") = "Demo3", "Demo3\Demo3\Demo3.csproj", "{8FC8F013-E576-4D45-836E-E85CD029C07D}"
EndProject
Project("{2150E333-8FDC-42A3-9474-1A3956D46DE8}") = "Demo4", "Demo4", "{70FD2622-A886-43A5-9559-785A269CF07C}"
	ProjectSection(SolutionItems) = preProject
		Demo3\readme.txt = Demo3\readme.txt
	EndProjectSection
EndProject
Project("{9A19103F-16F7-4668-BE54-9A1E7A4F7556}") = "Demo4", "Demo4\Demo4\Demo4.csproj", "{85B1AF56-6173-4B52-A417-86036F603593}"
EndProject
Project("{9A19103F-16F7-4668-BE54-9A1E7A4F7556}") = "rbkApiModules.Commons.LiteDB", "Libraries\rbkApiModules.Commons.LiteDB\rbkApiModules.Commons.LiteDB.csproj", "{5EA981C3-7EB9-4F37-8FFD-46A5BF48F1D9}"
EndProject
Project("{9A19103F-16F7-4668-BE54-9A1E7A4F7556}") = "rbkApiModules.Demo3.Tests.Integration", "Tests\rbkApiModules.Demo3.Tests.Integration\rbkApiModules.Demo3.Tests.Integration.csproj", "{4FBDEE08-7940-45E2-99D5-07FF4EA33944}"
EndProject
Project("{9A19103F-16F7-4668-BE54-9A1E7A4F7556}") = "rbkApiModules.Demo1.Tests.Integration", "Tests\rbkApiModules.Demo1.Tests.Integration\rbkApiModules.Demo1.Tests.Integration.csproj", "{3CEE0252-3B12-4F02-AC87-3247FAB28E3C}"
EndProject
Project("{9A19103F-16F7-4668-BE54-9A1E7A4F7556}") = "rbkApiModules.Analytics.Core", "Libraries\rbkApiModules.Analytics.Core\rbkApiModules.Analytics.Core.csproj", "{84D0D2DA-423D-4444-9BE8-7CA12A3B4454}"
EndProject
Project("{9A19103F-16F7-4668-BE54-9A1E7A4F7556}") = "rbkApiModules.Analytics.SQLServer", "Libraries\rbkApiModules.Analytics.SqlServer\rbkApiModules.Analytics.SQLServer.csproj", "{A5836761-7754-4D2A-AD5D-4C4B0E4256D9}"
EndProject
Project("{9A19103F-16F7-4668-BE54-9A1E7A4F7556}") = "rbkApiModules.Analytics.Postgres", "Libraries\rbkApiModules.Analytics.Postgres\rbkApiModules.Analytics.Postgres.csproj", "{C7141FCF-5419-4958-83E2-75169E9ABDFC}"
EndProject
Project("{9A19103F-16F7-4668-BE54-9A1E7A4F7556}") = "rbkApiModules.Analytics.SQLite", "Libraries\rbkApiModules.Analytics.SQLite\rbkApiModules.Analytics.SQLite.csproj", "{2C9D600F-A0F8-49EB-B6D2-E2DFB1FF303D}"
EndProject
Project("{9A19103F-16F7-4668-BE54-9A1E7A4F7556}") = "rbkApiModules.Analytics.LiteDB", "Libraries\rbkApiModules.Analytics.LiteDB\rbkApiModules.Analytics.LiteDB.csproj", "{9207D5CB-6F9D-4A8C-8D9B-360F5B86066C}"
EndProject
Project("{9A19103F-16F7-4668-BE54-9A1E7A4F7556}") = "rbkApiModules.Diagnostics.Core", "Libraries\rbkApiModules.Diagnostics.Core\rbkApiModules.Diagnostics.Core.csproj", "{D9C0AB4B-D2EE-4A57-8D5B-7AF64FE0C7EF}"
EndProject
Project("{9A19103F-16F7-4668-BE54-9A1E7A4F7556}") = "rbkApiModules.Diagnostics.SQLite", "Libraries\rbkApiModules.Diagnostics.SQLite\rbkApiModules.Diagnostics.SQLite.csproj", "{2D9E5310-2BC5-4653-8196-C32231F2FE38}"
EndProject
Project("{9A19103F-16F7-4668-BE54-9A1E7A4F7556}") = "rbkApiModules.Diagnostics.Postgres", "Libraries\rbkApiModules.Diagnostics.Postgres\rbkApiModules.Diagnostics.Postgres.csproj", "{80E58392-AAA8-42A0-AD2F-34DB540AA835}"
EndProject
Project("{9A19103F-16F7-4668-BE54-9A1E7A4F7556}") = "rbkApiModules.Diagnostics.LiteDB", "Libraries\rbkApiModules.Diagnostics.LiteDB\rbkApiModules.Diagnostics.LiteDB.csproj", "{A0B9393B-17C4-4C65-9A91-2C6571026825}"
EndProject
Project("{9A19103F-16F7-4668-BE54-9A1E7A4F7556}") = "rbkApiModules.Diagnostics.SQLServer", "Libraries\rbkApiModules.Diagnostics.SQLServer\rbkApiModules.Diagnostics.SQLServer.csproj", "{EEE87B14-DD5E-47F0-97C0-CDA6EBA38519}"
EndProject
Project("{2150E333-8FDC-42A3-9474-1A3956D46DE8}") = "Analytics", "Analytics", "{B8DADFCC-ED2D-42F2-8A42-64AFB5DC11BB}"
EndProject
Project("{2150E333-8FDC-42A3-9474-1A3956D46DE8}") = "Auditing", "Auditing", "{44B7E040-97AB-46F0-BDE9-C1CF518D67D4}"
EndProject
Project("{2150E333-8FDC-42A3-9474-1A3956D46DE8}") = "Comments", "Comments", "{14D2A184-7FF2-41C2-8A01-693691FF02BD}"
EndProject
Project("{2150E333-8FDC-42A3-9474-1A3956D46DE8}") = "Commons", "Commons", "{3DBA63BD-A3F7-4371-8ACB-6F1CD16B40DC}"
EndProject
Project("{2150E333-8FDC-42A3-9474-1A3956D46DE8}") = "Diagnostics", "Diagnostics", "{5CB201CB-E1D6-494A-B13B-C0B91FCC4981}"
EndProject
Project("{2150E333-8FDC-42A3-9474-1A3956D46DE8}") = "Faqs", "Faqs", "{42BC9D5D-AA69-417A-95F1-988D9BBEACC3}"
EndProject
Project("{2150E333-8FDC-42A3-9474-1A3956D46DE8}") = "Identity", "Identity", "{112F0B78-EAE6-4C08-8FD1-E2CBD92E0E98}"
EndProject
Project("{2150E333-8FDC-42A3-9474-1A3956D46DE8}") = "Notifications", "Notifications", "{D24DAAFF-F85A-4005-A71A-EF407EEC0BE3}"
EndProject
Project("{2150E333-8FDC-42A3-9474-1A3956D46DE8}") = "SharedUI", "SharedUI", "{0BDCB190-CC63-4E39-889B-90F43F0E7325}"
EndProject
Project("{2150E333-8FDC-42A3-9474-1A3956D46DE8}") = "Workflow", "Workflow", "{81525DC7-123D-43FE-9943-ED6181279EF3}"
EndProject
Project("{9A19103F-16F7-4668-BE54-9A1E7A4F7556}") = "rbkApiModules.Demo4.Tests.Integration", "Tests\rbkApiModules.Demo4.Tests.Integration\rbkApiModules.Demo4.Tests.Integration.csproj", "{33FB2BE1-3EA5-4E28-9582-50C54EE21443}"
EndProject
Project("{9A19103F-16F7-4668-BE54-9A1E7A4F7556}") = "rbkApiModules.CodeAnalysers", "Libraries\rbkApiModules.CodeAnalysers\rbkApiModules.CodeAnalysers.csproj", "{9192D83F-3A5B-483B-A309-E8EA34E73AF6}"
EndProject
Project("{9A19103F-16F7-4668-BE54-9A1E7A4F7556}") = "Demo5", "Demo5\Demo5.csproj", "{645E9A12-CD62-4933-8339-9A6672DDB873}"
EndProject
Project("{2150E333-8FDC-42A3-9474-1A3956D46DE8}") = "Demo5", "Demo5", "{84F6C8A8-3DA0-42B6-8A74-92E09F289110}"
EndProject
Project("{9A19103F-16F7-4668-BE54-9A1E7A4F7556}") = "rbkApiModules.Demo5.Tests.Integration", "Tests\rbkApiModules.Demo5.Tests.Integration\rbkApiModules.Demo5.Tests.Integration.csproj", "{7D7FD334-BA03-46B6-878D-8FC68DAD3E9B}"
EndProject
Global
	GlobalSection(SolutionConfigurationPlatforms) = preSolution
		Debug|Any CPU = Debug|Any CPU
		Release|Any CPU = Release|Any CPU
	EndGlobalSection
	GlobalSection(ProjectConfigurationPlatforms) = postSolution
		{AF34529C-9CC2-48B4-A887-3B148A6D907A}.Debug|Any CPU.ActiveCfg = Debug|Any CPU
		{AF34529C-9CC2-48B4-A887-3B148A6D907A}.Debug|Any CPU.Build.0 = Debug|Any CPU
		{AF34529C-9CC2-48B4-A887-3B148A6D907A}.Release|Any CPU.ActiveCfg = Release|Any CPU
		{AF34529C-9CC2-48B4-A887-3B148A6D907A}.Release|Any CPU.Build.0 = Release|Any CPU
		{C72E31FA-C729-4320-A71F-BC4600A2EAA9}.Debug|Any CPU.ActiveCfg = Debug|Any CPU
		{C72E31FA-C729-4320-A71F-BC4600A2EAA9}.Debug|Any CPU.Build.0 = Debug|Any CPU
		{C72E31FA-C729-4320-A71F-BC4600A2EAA9}.Release|Any CPU.ActiveCfg = Release|Any CPU
		{C72E31FA-C729-4320-A71F-BC4600A2EAA9}.Release|Any CPU.Build.0 = Release|Any CPU
		{BF139F55-52D7-41DF-9FF3-FBF1A5613566}.Debug|Any CPU.ActiveCfg = Debug|Any CPU
		{BF139F55-52D7-41DF-9FF3-FBF1A5613566}.Debug|Any CPU.Build.0 = Debug|Any CPU
		{BF139F55-52D7-41DF-9FF3-FBF1A5613566}.Release|Any CPU.ActiveCfg = Release|Any CPU
		{BF139F55-52D7-41DF-9FF3-FBF1A5613566}.Release|Any CPU.Build.0 = Release|Any CPU
		{8209FE57-EC43-4943-9F5A-DCE59BECE1B0}.Debug|Any CPU.ActiveCfg = Debug|Any CPU
		{8209FE57-EC43-4943-9F5A-DCE59BECE1B0}.Debug|Any CPU.Build.0 = Debug|Any CPU
		{8209FE57-EC43-4943-9F5A-DCE59BECE1B0}.Release|Any CPU.ActiveCfg = Release|Any CPU
		{8209FE57-EC43-4943-9F5A-DCE59BECE1B0}.Release|Any CPU.Build.0 = Release|Any CPU
		{51942408-249A-4EAA-88DD-C99394C10B91}.Debug|Any CPU.ActiveCfg = Debug|Any CPU
		{51942408-249A-4EAA-88DD-C99394C10B91}.Debug|Any CPU.Build.0 = Debug|Any CPU
		{51942408-249A-4EAA-88DD-C99394C10B91}.Release|Any CPU.ActiveCfg = Release|Any CPU
		{51942408-249A-4EAA-88DD-C99394C10B91}.Release|Any CPU.Build.0 = Release|Any CPU
		{6A326074-3875-48FE-B3FC-58746984798C}.Debug|Any CPU.ActiveCfg = Debug|Any CPU
		{6A326074-3875-48FE-B3FC-58746984798C}.Debug|Any CPU.Build.0 = Debug|Any CPU
		{6A326074-3875-48FE-B3FC-58746984798C}.Release|Any CPU.ActiveCfg = Release|Any CPU
		{6A326074-3875-48FE-B3FC-58746984798C}.Release|Any CPU.Build.0 = Release|Any CPU
		{0F15D200-D09B-4965-BA38-C338885919DA}.Debug|Any CPU.ActiveCfg = Debug|Any CPU
		{0F15D200-D09B-4965-BA38-C338885919DA}.Debug|Any CPU.Build.0 = Debug|Any CPU
		{0F15D200-D09B-4965-BA38-C338885919DA}.Release|Any CPU.ActiveCfg = Release|Any CPU
		{0F15D200-D09B-4965-BA38-C338885919DA}.Release|Any CPU.Build.0 = Release|Any CPU
		{C3B6A47C-EEDC-4FA6-B328-D14020399DFA}.Debug|Any CPU.ActiveCfg = Debug|Any CPU
		{C3B6A47C-EEDC-4FA6-B328-D14020399DFA}.Debug|Any CPU.Build.0 = Debug|Any CPU
		{C3B6A47C-EEDC-4FA6-B328-D14020399DFA}.Release|Any CPU.ActiveCfg = Release|Any CPU
		{C3B6A47C-EEDC-4FA6-B328-D14020399DFA}.Release|Any CPU.Build.0 = Release|Any CPU
		{B95C7FB0-6E61-45E8-96BA-493AB5BC7595}.Debug|Any CPU.ActiveCfg = Debug|Any CPU
		{B95C7FB0-6E61-45E8-96BA-493AB5BC7595}.Debug|Any CPU.Build.0 = Debug|Any CPU
		{B95C7FB0-6E61-45E8-96BA-493AB5BC7595}.Release|Any CPU.ActiveCfg = Release|Any CPU
		{B95C7FB0-6E61-45E8-96BA-493AB5BC7595}.Release|Any CPU.Build.0 = Release|Any CPU
		{DE03ADB5-D3FF-41CF-8D58-B62132E5D55F}.Debug|Any CPU.ActiveCfg = Debug|Any CPU
		{DE03ADB5-D3FF-41CF-8D58-B62132E5D55F}.Debug|Any CPU.Build.0 = Debug|Any CPU
		{DE03ADB5-D3FF-41CF-8D58-B62132E5D55F}.Release|Any CPU.ActiveCfg = Release|Any CPU
		{DE03ADB5-D3FF-41CF-8D58-B62132E5D55F}.Release|Any CPU.Build.0 = Release|Any CPU
		{7F472334-93CA-42FF-A18B-637C72C1E056}.Debug|Any CPU.ActiveCfg = Debug|Any CPU
		{7F472334-93CA-42FF-A18B-637C72C1E056}.Debug|Any CPU.Build.0 = Debug|Any CPU
		{7F472334-93CA-42FF-A18B-637C72C1E056}.Release|Any CPU.ActiveCfg = Release|Any CPU
		{7F472334-93CA-42FF-A18B-637C72C1E056}.Release|Any CPU.Build.0 = Release|Any CPU
		{91CE3FB9-26E0-461A-A5AA-847B1565FB7E}.Debug|Any CPU.ActiveCfg = Debug|Any CPU
		{91CE3FB9-26E0-461A-A5AA-847B1565FB7E}.Debug|Any CPU.Build.0 = Debug|Any CPU
		{91CE3FB9-26E0-461A-A5AA-847B1565FB7E}.Release|Any CPU.ActiveCfg = Release|Any CPU
		{91CE3FB9-26E0-461A-A5AA-847B1565FB7E}.Release|Any CPU.Build.0 = Release|Any CPU
		{15EA1FCF-4EB3-4B7A-B014-9B5D7370F49A}.Debug|Any CPU.ActiveCfg = Debug|Any CPU
		{15EA1FCF-4EB3-4B7A-B014-9B5D7370F49A}.Debug|Any CPU.Build.0 = Debug|Any CPU
		{15EA1FCF-4EB3-4B7A-B014-9B5D7370F49A}.Release|Any CPU.ActiveCfg = Release|Any CPU
		{15EA1FCF-4EB3-4B7A-B014-9B5D7370F49A}.Release|Any CPU.Build.0 = Release|Any CPU
		{F53C0380-A975-4390-824A-7B9F88796F09}.Debug|Any CPU.ActiveCfg = Debug|Any CPU
		{F53C0380-A975-4390-824A-7B9F88796F09}.Debug|Any CPU.Build.0 = Debug|Any CPU
		{F53C0380-A975-4390-824A-7B9F88796F09}.Release|Any CPU.ActiveCfg = Release|Any CPU
		{F53C0380-A975-4390-824A-7B9F88796F09}.Release|Any CPU.Build.0 = Release|Any CPU
		{1ACDC8AB-DE11-49B1-AC74-4176534A1A2A}.Debug|Any CPU.ActiveCfg = Debug|Any CPU
		{1ACDC8AB-DE11-49B1-AC74-4176534A1A2A}.Debug|Any CPU.Build.0 = Debug|Any CPU
		{1ACDC8AB-DE11-49B1-AC74-4176534A1A2A}.Release|Any CPU.ActiveCfg = Release|Any CPU
		{1ACDC8AB-DE11-49B1-AC74-4176534A1A2A}.Release|Any CPU.Build.0 = Release|Any CPU
		{4762A565-C7C6-47A0-8FD6-E779CEEB28D3}.Debug|Any CPU.ActiveCfg = Debug|Any CPU
		{4762A565-C7C6-47A0-8FD6-E779CEEB28D3}.Debug|Any CPU.Build.0 = Debug|Any CPU
		{4762A565-C7C6-47A0-8FD6-E779CEEB28D3}.Release|Any CPU.ActiveCfg = Release|Any CPU
		{4762A565-C7C6-47A0-8FD6-E779CEEB28D3}.Release|Any CPU.Build.0 = Release|Any CPU
		{5AB5AD0C-0F0E-47B3-B5D8-5797A339D238}.Debug|Any CPU.ActiveCfg = Debug|Any CPU
		{5AB5AD0C-0F0E-47B3-B5D8-5797A339D238}.Debug|Any CPU.Build.0 = Debug|Any CPU
		{5AB5AD0C-0F0E-47B3-B5D8-5797A339D238}.Release|Any CPU.ActiveCfg = Release|Any CPU
		{5AB5AD0C-0F0E-47B3-B5D8-5797A339D238}.Release|Any CPU.Build.0 = Release|Any CPU
		{10C61FB2-9703-4615-9A75-129BEE88B89A}.Debug|Any CPU.ActiveCfg = Debug|Any CPU
		{10C61FB2-9703-4615-9A75-129BEE88B89A}.Debug|Any CPU.Build.0 = Debug|Any CPU
		{10C61FB2-9703-4615-9A75-129BEE88B89A}.Release|Any CPU.ActiveCfg = Release|Any CPU
		{10C61FB2-9703-4615-9A75-129BEE88B89A}.Release|Any CPU.Build.0 = Release|Any CPU
		{A49F0C5E-9888-4A6B-84E5-94AF25D7FD67}.Debug|Any CPU.ActiveCfg = Debug|Any CPU
		{A49F0C5E-9888-4A6B-84E5-94AF25D7FD67}.Debug|Any CPU.Build.0 = Debug|Any CPU
		{A49F0C5E-9888-4A6B-84E5-94AF25D7FD67}.Release|Any CPU.ActiveCfg = Release|Any CPU
		{A49F0C5E-9888-4A6B-84E5-94AF25D7FD67}.Release|Any CPU.Build.0 = Release|Any CPU
		{AE7C2CDC-1556-41B5-A942-60E0D90D6532}.Debug|Any CPU.ActiveCfg = Debug|Any CPU
		{AE7C2CDC-1556-41B5-A942-60E0D90D6532}.Debug|Any CPU.Build.0 = Debug|Any CPU
		{AE7C2CDC-1556-41B5-A942-60E0D90D6532}.Release|Any CPU.ActiveCfg = Release|Any CPU
		{AE7C2CDC-1556-41B5-A942-60E0D90D6532}.Release|Any CPU.Build.0 = Release|Any CPU
		{A546CFE5-BDE1-4E41-894C-403C8578AED3}.Debug|Any CPU.ActiveCfg = Debug|Any CPU
		{A546CFE5-BDE1-4E41-894C-403C8578AED3}.Debug|Any CPU.Build.0 = Debug|Any CPU
		{A546CFE5-BDE1-4E41-894C-403C8578AED3}.Release|Any CPU.ActiveCfg = Release|Any CPU
		{A546CFE5-BDE1-4E41-894C-403C8578AED3}.Release|Any CPU.Build.0 = Release|Any CPU
		{2ABD7BA1-BE33-48CA-9B19-781995C3C6FE}.Debug|Any CPU.ActiveCfg = Debug|Any CPU
		{2ABD7BA1-BE33-48CA-9B19-781995C3C6FE}.Debug|Any CPU.Build.0 = Debug|Any CPU
		{2ABD7BA1-BE33-48CA-9B19-781995C3C6FE}.Release|Any CPU.ActiveCfg = Release|Any CPU
		{2ABD7BA1-BE33-48CA-9B19-781995C3C6FE}.Release|Any CPU.Build.0 = Release|Any CPU
		{8E7BC169-4A4F-4429-BAB8-1482E03286EE}.Debug|Any CPU.ActiveCfg = Debug|Any CPU
		{8E7BC169-4A4F-4429-BAB8-1482E03286EE}.Debug|Any CPU.Build.0 = Debug|Any CPU
		{8E7BC169-4A4F-4429-BAB8-1482E03286EE}.Release|Any CPU.ActiveCfg = Release|Any CPU
		{8E7BC169-4A4F-4429-BAB8-1482E03286EE}.Release|Any CPU.Build.0 = Release|Any CPU
		{74AE3E7A-8C42-4808-BB5F-8775B2A664B1}.Debug|Any CPU.ActiveCfg = Debug|Any CPU
		{74AE3E7A-8C42-4808-BB5F-8775B2A664B1}.Debug|Any CPU.Build.0 = Debug|Any CPU
		{74AE3E7A-8C42-4808-BB5F-8775B2A664B1}.Release|Any CPU.ActiveCfg = Release|Any CPU
		{74AE3E7A-8C42-4808-BB5F-8775B2A664B1}.Release|Any CPU.Build.0 = Release|Any CPU
		{604D7499-6FA6-498D-8A47-4241FF06043E}.Debug|Any CPU.ActiveCfg = Debug|Any CPU
		{604D7499-6FA6-498D-8A47-4241FF06043E}.Debug|Any CPU.Build.0 = Debug|Any CPU
		{604D7499-6FA6-498D-8A47-4241FF06043E}.Release|Any CPU.ActiveCfg = Release|Any CPU
		{604D7499-6FA6-498D-8A47-4241FF06043E}.Release|Any CPU.Build.0 = Release|Any CPU
		{75F81C8A-322E-460C-AE50-EA7147583B90}.Debug|Any CPU.ActiveCfg = Debug|Any CPU
		{75F81C8A-322E-460C-AE50-EA7147583B90}.Debug|Any CPU.Build.0 = Debug|Any CPU
		{75F81C8A-322E-460C-AE50-EA7147583B90}.Release|Any CPU.ActiveCfg = Release|Any CPU
		{75F81C8A-322E-460C-AE50-EA7147583B90}.Release|Any CPU.Build.0 = Release|Any CPU
		{509EE73F-C09C-4320-8728-2102B6FD5A7D}.Debug|Any CPU.ActiveCfg = Debug|Any CPU
		{509EE73F-C09C-4320-8728-2102B6FD5A7D}.Debug|Any CPU.Build.0 = Debug|Any CPU
		{509EE73F-C09C-4320-8728-2102B6FD5A7D}.Release|Any CPU.ActiveCfg = Release|Any CPU
		{509EE73F-C09C-4320-8728-2102B6FD5A7D}.Release|Any CPU.Build.0 = Release|Any CPU
		{8FC8F013-E576-4D45-836E-E85CD029C07D}.Debug|Any CPU.ActiveCfg = Debug|Any CPU
		{8FC8F013-E576-4D45-836E-E85CD029C07D}.Debug|Any CPU.Build.0 = Debug|Any CPU
		{8FC8F013-E576-4D45-836E-E85CD029C07D}.Release|Any CPU.ActiveCfg = Release|Any CPU
		{8FC8F013-E576-4D45-836E-E85CD029C07D}.Release|Any CPU.Build.0 = Release|Any CPU
		{85B1AF56-6173-4B52-A417-86036F603593}.Debug|Any CPU.ActiveCfg = Debug|Any CPU
		{85B1AF56-6173-4B52-A417-86036F603593}.Debug|Any CPU.Build.0 = Debug|Any CPU
		{85B1AF56-6173-4B52-A417-86036F603593}.Release|Any CPU.ActiveCfg = Release|Any CPU
		{85B1AF56-6173-4B52-A417-86036F603593}.Release|Any CPU.Build.0 = Release|Any CPU
		{5EA981C3-7EB9-4F37-8FFD-46A5BF48F1D9}.Debug|Any CPU.ActiveCfg = Debug|Any CPU
		{5EA981C3-7EB9-4F37-8FFD-46A5BF48F1D9}.Debug|Any CPU.Build.0 = Debug|Any CPU
		{5EA981C3-7EB9-4F37-8FFD-46A5BF48F1D9}.Release|Any CPU.ActiveCfg = Release|Any CPU
		{5EA981C3-7EB9-4F37-8FFD-46A5BF48F1D9}.Release|Any CPU.Build.0 = Release|Any CPU
		{4FBDEE08-7940-45E2-99D5-07FF4EA33944}.Debug|Any CPU.ActiveCfg = Debug|Any CPU
		{4FBDEE08-7940-45E2-99D5-07FF4EA33944}.Debug|Any CPU.Build.0 = Debug|Any CPU
		{4FBDEE08-7940-45E2-99D5-07FF4EA33944}.Release|Any CPU.ActiveCfg = Release|Any CPU
		{4FBDEE08-7940-45E2-99D5-07FF4EA33944}.Release|Any CPU.Build.0 = Release|Any CPU
		{3CEE0252-3B12-4F02-AC87-3247FAB28E3C}.Debug|Any CPU.ActiveCfg = Debug|Any CPU
		{3CEE0252-3B12-4F02-AC87-3247FAB28E3C}.Debug|Any CPU.Build.0 = Debug|Any CPU
		{3CEE0252-3B12-4F02-AC87-3247FAB28E3C}.Release|Any CPU.ActiveCfg = Release|Any CPU
		{3CEE0252-3B12-4F02-AC87-3247FAB28E3C}.Release|Any CPU.Build.0 = Release|Any CPU
		{84D0D2DA-423D-4444-9BE8-7CA12A3B4454}.Debug|Any CPU.ActiveCfg = Debug|Any CPU
		{84D0D2DA-423D-4444-9BE8-7CA12A3B4454}.Debug|Any CPU.Build.0 = Debug|Any CPU
		{84D0D2DA-423D-4444-9BE8-7CA12A3B4454}.Release|Any CPU.ActiveCfg = Release|Any CPU
		{84D0D2DA-423D-4444-9BE8-7CA12A3B4454}.Release|Any CPU.Build.0 = Release|Any CPU
		{A5836761-7754-4D2A-AD5D-4C4B0E4256D9}.Debug|Any CPU.ActiveCfg = Debug|Any CPU
		{A5836761-7754-4D2A-AD5D-4C4B0E4256D9}.Debug|Any CPU.Build.0 = Debug|Any CPU
		{A5836761-7754-4D2A-AD5D-4C4B0E4256D9}.Release|Any CPU.ActiveCfg = Release|Any CPU
		{A5836761-7754-4D2A-AD5D-4C4B0E4256D9}.Release|Any CPU.Build.0 = Release|Any CPU
		{C7141FCF-5419-4958-83E2-75169E9ABDFC}.Debug|Any CPU.ActiveCfg = Debug|Any CPU
		{C7141FCF-5419-4958-83E2-75169E9ABDFC}.Debug|Any CPU.Build.0 = Debug|Any CPU
		{C7141FCF-5419-4958-83E2-75169E9ABDFC}.Release|Any CPU.ActiveCfg = Release|Any CPU
		{C7141FCF-5419-4958-83E2-75169E9ABDFC}.Release|Any CPU.Build.0 = Release|Any CPU
		{2C9D600F-A0F8-49EB-B6D2-E2DFB1FF303D}.Debug|Any CPU.ActiveCfg = Debug|Any CPU
		{2C9D600F-A0F8-49EB-B6D2-E2DFB1FF303D}.Debug|Any CPU.Build.0 = Debug|Any CPU
		{2C9D600F-A0F8-49EB-B6D2-E2DFB1FF303D}.Release|Any CPU.ActiveCfg = Release|Any CPU
		{2C9D600F-A0F8-49EB-B6D2-E2DFB1FF303D}.Release|Any CPU.Build.0 = Release|Any CPU
		{9207D5CB-6F9D-4A8C-8D9B-360F5B86066C}.Debug|Any CPU.ActiveCfg = Debug|Any CPU
		{9207D5CB-6F9D-4A8C-8D9B-360F5B86066C}.Debug|Any CPU.Build.0 = Debug|Any CPU
		{9207D5CB-6F9D-4A8C-8D9B-360F5B86066C}.Release|Any CPU.ActiveCfg = Release|Any CPU
		{9207D5CB-6F9D-4A8C-8D9B-360F5B86066C}.Release|Any CPU.Build.0 = Release|Any CPU
		{D9C0AB4B-D2EE-4A57-8D5B-7AF64FE0C7EF}.Debug|Any CPU.ActiveCfg = Debug|Any CPU
		{D9C0AB4B-D2EE-4A57-8D5B-7AF64FE0C7EF}.Debug|Any CPU.Build.0 = Debug|Any CPU
		{D9C0AB4B-D2EE-4A57-8D5B-7AF64FE0C7EF}.Release|Any CPU.ActiveCfg = Release|Any CPU
		{D9C0AB4B-D2EE-4A57-8D5B-7AF64FE0C7EF}.Release|Any CPU.Build.0 = Release|Any CPU
		{2D9E5310-2BC5-4653-8196-C32231F2FE38}.Debug|Any CPU.ActiveCfg = Debug|Any CPU
		{2D9E5310-2BC5-4653-8196-C32231F2FE38}.Debug|Any CPU.Build.0 = Debug|Any CPU
		{2D9E5310-2BC5-4653-8196-C32231F2FE38}.Release|Any CPU.ActiveCfg = Release|Any CPU
		{2D9E5310-2BC5-4653-8196-C32231F2FE38}.Release|Any CPU.Build.0 = Release|Any CPU
		{80E58392-AAA8-42A0-AD2F-34DB540AA835}.Debug|Any CPU.ActiveCfg = Debug|Any CPU
		{80E58392-AAA8-42A0-AD2F-34DB540AA835}.Debug|Any CPU.Build.0 = Debug|Any CPU
		{80E58392-AAA8-42A0-AD2F-34DB540AA835}.Release|Any CPU.ActiveCfg = Release|Any CPU
		{80E58392-AAA8-42A0-AD2F-34DB540AA835}.Release|Any CPU.Build.0 = Release|Any CPU
		{A0B9393B-17C4-4C65-9A91-2C6571026825}.Debug|Any CPU.ActiveCfg = Debug|Any CPU
		{A0B9393B-17C4-4C65-9A91-2C6571026825}.Debug|Any CPU.Build.0 = Debug|Any CPU
		{A0B9393B-17C4-4C65-9A91-2C6571026825}.Release|Any CPU.ActiveCfg = Release|Any CPU
		{A0B9393B-17C4-4C65-9A91-2C6571026825}.Release|Any CPU.Build.0 = Release|Any CPU
		{EEE87B14-DD5E-47F0-97C0-CDA6EBA38519}.Debug|Any CPU.ActiveCfg = Debug|Any CPU
		{EEE87B14-DD5E-47F0-97C0-CDA6EBA38519}.Debug|Any CPU.Build.0 = Debug|Any CPU
		{EEE87B14-DD5E-47F0-97C0-CDA6EBA38519}.Release|Any CPU.ActiveCfg = Release|Any CPU
		{EEE87B14-DD5E-47F0-97C0-CDA6EBA38519}.Release|Any CPU.Build.0 = Release|Any CPU
		{33FB2BE1-3EA5-4E28-9582-50C54EE21443}.Debug|Any CPU.ActiveCfg = Debug|Any CPU
		{33FB2BE1-3EA5-4E28-9582-50C54EE21443}.Debug|Any CPU.Build.0 = Debug|Any CPU
		{33FB2BE1-3EA5-4E28-9582-50C54EE21443}.Release|Any CPU.ActiveCfg = Release|Any CPU
		{33FB2BE1-3EA5-4E28-9582-50C54EE21443}.Release|Any CPU.Build.0 = Release|Any CPU
		{9192D83F-3A5B-483B-A309-E8EA34E73AF6}.Debug|Any CPU.ActiveCfg = Debug|Any CPU
		{9192D83F-3A5B-483B-A309-E8EA34E73AF6}.Debug|Any CPU.Build.0 = Debug|Any CPU
		{9192D83F-3A5B-483B-A309-E8EA34E73AF6}.Release|Any CPU.ActiveCfg = Release|Any CPU
		{9192D83F-3A5B-483B-A309-E8EA34E73AF6}.Release|Any CPU.Build.0 = Release|Any CPU
		{645E9A12-CD62-4933-8339-9A6672DDB873}.Debug|Any CPU.ActiveCfg = Debug|Any CPU
		{645E9A12-CD62-4933-8339-9A6672DDB873}.Debug|Any CPU.Build.0 = Debug|Any CPU
		{645E9A12-CD62-4933-8339-9A6672DDB873}.Release|Any CPU.ActiveCfg = Release|Any CPU
		{645E9A12-CD62-4933-8339-9A6672DDB873}.Release|Any CPU.Build.0 = Release|Any CPU
		{7D7FD334-BA03-46B6-878D-8FC68DAD3E9B}.Debug|Any CPU.ActiveCfg = Debug|Any CPU
		{7D7FD334-BA03-46B6-878D-8FC68DAD3E9B}.Debug|Any CPU.Build.0 = Debug|Any CPU
		{7D7FD334-BA03-46B6-878D-8FC68DAD3E9B}.Release|Any CPU.ActiveCfg = Release|Any CPU
		{7D7FD334-BA03-46B6-878D-8FC68DAD3E9B}.Release|Any CPU.Build.0 = Release|Any CPU
	EndGlobalSection
	GlobalSection(SolutionProperties) = preSolution
		HideSolutionNode = FALSE
	EndGlobalSection
	GlobalSection(NestedProjects) = preSolution
		{AF34529C-9CC2-48B4-A887-3B148A6D907A} = {D6DB387F-FCCD-4ED5-B2E2-84DEE62CF8BB}
		{C72E31FA-C729-4320-A71F-BC4600A2EAA9} = {76EA39E5-7E67-4727-AC6E-15A8200543BE}
		{BF139F55-52D7-41DF-9FF3-FBF1A5613566} = {D6DB387F-FCCD-4ED5-B2E2-84DEE62CF8BB}
		{8209FE57-EC43-4943-9F5A-DCE59BECE1B0} = {DEA8BD08-1EE5-4C48-B72E-5B3296F1C62F}
		{51942408-249A-4EAA-88DD-C99394C10B91} = {DEA8BD08-1EE5-4C48-B72E-5B3296F1C62F}
		{6A326074-3875-48FE-B3FC-58746984798C} = {F93062E6-EE6B-43E2-AB20-27632C28A437}
		{0F15D200-D09B-4965-BA38-C338885919DA} = {F93062E6-EE6B-43E2-AB20-27632C28A437}
		{C3B6A47C-EEDC-4FA6-B328-D14020399DFA} = {76EA39E5-7E67-4727-AC6E-15A8200543BE}
		{B95C7FB0-6E61-45E8-96BA-493AB5BC7595} = {76EA39E5-7E67-4727-AC6E-15A8200543BE}
		{76EA39E5-7E67-4727-AC6E-15A8200543BE} = {84FDE0F6-0E39-46F4-BE4C-B0CCA431D13A}
		{F93062E6-EE6B-43E2-AB20-27632C28A437} = {84FDE0F6-0E39-46F4-BE4C-B0CCA431D13A}
		{DEA8BD08-1EE5-4C48-B72E-5B3296F1C62F} = {84FDE0F6-0E39-46F4-BE4C-B0CCA431D13A}
		{DE03ADB5-D3FF-41CF-8D58-B62132E5D55F} = {DEA8BD08-1EE5-4C48-B72E-5B3296F1C62F}
		{D6DB387F-FCCD-4ED5-B2E2-84DEE62CF8BB} = {84FDE0F6-0E39-46F4-BE4C-B0CCA431D13A}
		{84FDE0F6-0E39-46F4-BE4C-B0CCA431D13A} = {54EA380B-014B-475D-AD85-204BA261E614}
		{30F0C25D-7C28-4616-A8AA-C4370B09D3BC} = {54EA380B-014B-475D-AD85-204BA261E614}
		{7F472334-93CA-42FF-A18B-637C72C1E056} = {3DBA63BD-A3F7-4371-8ACB-6F1CD16B40DC}
		{91CE3FB9-26E0-461A-A5AA-847B1565FB7E} = {3DBA63BD-A3F7-4371-8ACB-6F1CD16B40DC}
		{15EA1FCF-4EB3-4B7A-B014-9B5D7370F49A} = {112F0B78-EAE6-4C08-8FD1-E2CBD92E0E98}
		{F53C0380-A975-4390-824A-7B9F88796F09} = {112F0B78-EAE6-4C08-8FD1-E2CBD92E0E98}
		{1ACDC8AB-DE11-49B1-AC74-4176534A1A2A} = {14D2A184-7FF2-41C2-8A01-693691FF02BD}
		{4762A565-C7C6-47A0-8FD6-E779CEEB28D3} = {14D2A184-7FF2-41C2-8A01-693691FF02BD}
		{5AB5AD0C-0F0E-47B3-B5D8-5797A339D238} = {42BC9D5D-AA69-417A-95F1-988D9BBEACC3}
		{10C61FB2-9703-4615-9A75-129BEE88B89A} = {42BC9D5D-AA69-417A-95F1-988D9BBEACC3}
		{A49F0C5E-9888-4A6B-84E5-94AF25D7FD67} = {D24DAAFF-F85A-4005-A71A-EF407EEC0BE3}
		{AE7C2CDC-1556-41B5-A942-60E0D90D6532} = {D24DAAFF-F85A-4005-A71A-EF407EEC0BE3}
		{A546CFE5-BDE1-4E41-894C-403C8578AED3} = {81525DC7-123D-43FE-9943-ED6181279EF3}
		{2ABD7BA1-BE33-48CA-9B19-781995C3C6FE} = {81525DC7-123D-43FE-9943-ED6181279EF3}
		{8E7BC169-4A4F-4429-BAB8-1482E03286EE} = {0BDCB190-CC63-4E39-889B-90F43F0E7325}
		{74AE3E7A-8C42-4808-BB5F-8775B2A664B1} = {44B7E040-97AB-46F0-BDE9-C1CF518D67D4}
		{604D7499-6FA6-498D-8A47-4241FF06043E} = {44B7E040-97AB-46F0-BDE9-C1CF518D67D4}
		{B31ADA3B-A0FD-44ED-B53B-F1788D520809} = {24A80F2D-E586-4703-9DB6-FB25259FC236}
		{47E1DA3D-CA3C-4155-BFCF-97EFA4BDCF88} = {24A80F2D-E586-4703-9DB6-FB25259FC236}
		{75F81C8A-322E-460C-AE50-EA7147583B90} = {3DBA63BD-A3F7-4371-8ACB-6F1CD16B40DC}
		{09F8AC1C-E203-476D-A59B-551405C12ED7} = {54EA380B-014B-475D-AD85-204BA261E614}
		{509EE73F-C09C-4320-8728-2102B6FD5A7D} = {30F0C25D-7C28-4616-A8AA-C4370B09D3BC}
		{8FC8F013-E576-4D45-836E-E85CD029C07D} = {09F8AC1C-E203-476D-A59B-551405C12ED7}
		{70FD2622-A886-43A5-9559-785A269CF07C} = {54EA380B-014B-475D-AD85-204BA261E614}
		{85B1AF56-6173-4B52-A417-86036F603593} = {70FD2622-A886-43A5-9559-785A269CF07C}
		{5EA981C3-7EB9-4F37-8FFD-46A5BF48F1D9} = {3DBA63BD-A3F7-4371-8ACB-6F1CD16B40DC}
		{4FBDEE08-7940-45E2-99D5-07FF4EA33944} = {17637C69-C691-4368-8C26-DF6B58677214}
		{3CEE0252-3B12-4F02-AC87-3247FAB28E3C} = {17637C69-C691-4368-8C26-DF6B58677214}
		{84D0D2DA-423D-4444-9BE8-7CA12A3B4454} = {B8DADFCC-ED2D-42F2-8A42-64AFB5DC11BB}
		{A5836761-7754-4D2A-AD5D-4C4B0E4256D9} = {B8DADFCC-ED2D-42F2-8A42-64AFB5DC11BB}
		{C7141FCF-5419-4958-83E2-75169E9ABDFC} = {B8DADFCC-ED2D-42F2-8A42-64AFB5DC11BB}
		{2C9D600F-A0F8-49EB-B6D2-E2DFB1FF303D} = {B8DADFCC-ED2D-42F2-8A42-64AFB5DC11BB}
		{9207D5CB-6F9D-4A8C-8D9B-360F5B86066C} = {B8DADFCC-ED2D-42F2-8A42-64AFB5DC11BB}
		{D9C0AB4B-D2EE-4A57-8D5B-7AF64FE0C7EF} = {5CB201CB-E1D6-494A-B13B-C0B91FCC4981}
		{2D9E5310-2BC5-4653-8196-C32231F2FE38} = {5CB201CB-E1D6-494A-B13B-C0B91FCC4981}
		{80E58392-AAA8-42A0-AD2F-34DB540AA835} = {5CB201CB-E1D6-494A-B13B-C0B91FCC4981}
		{A0B9393B-17C4-4C65-9A91-2C6571026825} = {5CB201CB-E1D6-494A-B13B-C0B91FCC4981}
		{EEE87B14-DD5E-47F0-97C0-CDA6EBA38519} = {5CB201CB-E1D6-494A-B13B-C0B91FCC4981}
		{B8DADFCC-ED2D-42F2-8A42-64AFB5DC11BB} = {31E68E16-8360-4E9A-BBB8-AFF160F67851}
		{44B7E040-97AB-46F0-BDE9-C1CF518D67D4} = {31E68E16-8360-4E9A-BBB8-AFF160F67851}
		{14D2A184-7FF2-41C2-8A01-693691FF02BD} = {31E68E16-8360-4E9A-BBB8-AFF160F67851}
		{3DBA63BD-A3F7-4371-8ACB-6F1CD16B40DC} = {31E68E16-8360-4E9A-BBB8-AFF160F67851}
		{5CB201CB-E1D6-494A-B13B-C0B91FCC4981} = {31E68E16-8360-4E9A-BBB8-AFF160F67851}
		{42BC9D5D-AA69-417A-95F1-988D9BBEACC3} = {31E68E16-8360-4E9A-BBB8-AFF160F67851}
		{112F0B78-EAE6-4C08-8FD1-E2CBD92E0E98} = {31E68E16-8360-4E9A-BBB8-AFF160F67851}
		{D24DAAFF-F85A-4005-A71A-EF407EEC0BE3} = {31E68E16-8360-4E9A-BBB8-AFF160F67851}
		{0BDCB190-CC63-4E39-889B-90F43F0E7325} = {31E68E16-8360-4E9A-BBB8-AFF160F67851}
		{81525DC7-123D-43FE-9943-ED6181279EF3} = {31E68E16-8360-4E9A-BBB8-AFF160F67851}
		{33FB2BE1-3EA5-4E28-9582-50C54EE21443} = {17637C69-C691-4368-8C26-DF6B58677214}
		{9192D83F-3A5B-483B-A309-E8EA34E73AF6} = {3DBA63BD-A3F7-4371-8ACB-6F1CD16B40DC}
		{645E9A12-CD62-4933-8339-9A6672DDB873} = {84F6C8A8-3DA0-42B6-8A74-92E09F289110}
		{84F6C8A8-3DA0-42B6-8A74-92E09F289110} = {54EA380B-014B-475D-AD85-204BA261E614}
		{7D7FD334-BA03-46B6-878D-8FC68DAD3E9B} = {17637C69-C691-4368-8C26-DF6B58677214}
	EndGlobalSection
	GlobalSection(ExtensibilityGlobals) = postSolution
		SolutionGuid = {5ABCFC25-B782-4553-8645-2A49D30D429E}
	EndGlobalSection
EndGlobal
