
Microsoft Visual Studio Solution File, Format Version 12.00
# Visual Studio Version 16
VisualStudioVersion = 16.0.30317.65
MinimumVisualStudioVersion = 10.0.40219.1
Project("{2150E333-8FDC-42A3-9474-1A3956D46DE8}") = "Solution Items", "Solution Items", "{0EBB95D9-AB99-405B-8305-9B16BCCE8492}"
	ProjectSection(SolutionItems) = preProject
		.editorconfig = .editorconfig
		package.json = package.json
		publish.bat = publish.bat
		publish_pre-release.txt = publish_pre-release.txt
		README.md = README.md
		.github\workflows\release-it.yml = .github\workflows\release-it.yml
		todo.txt = todo.txt
	EndProjectSection
EndProject
Project("{2150E333-8FDC-42A3-9474-1A3956D46DE8}") = "Demo", "Demo", "{F4880E1B-B3C1-404F-B6C9-4D712A0DAA3F}"
EndProject
Project("{2150E333-8FDC-42A3-9474-1A3956D46DE8}") = "Infrastructure", "Infrastructure", "{28AEC725-3257-4A72-BC8B-C6ABB827A897}"
EndProject
Project("{2150E333-8FDC-42A3-9474-1A3956D46DE8}") = "Modules", "Modules", "{A1A68EE5-8E91-449C-96A8-CCC5BF135D48}"
EndProject
Project("{2150E333-8FDC-42A3-9474-1A3956D46DE8}") = "Analytics", "Analytics", "{FFA4EEB9-C3F1-424A-9613-EBD9F198FCEF}"
EndProject
Project("{2150E333-8FDC-42A3-9474-1A3956D46DE8}") = "Auditing", "Auditing", "{B6E9D779-E47A-461D-8639-8DF9B5F673DC}"
EndProject
Project("{2150E333-8FDC-42A3-9474-1A3956D46DE8}") = "Comments", "Comments", "{2F9CAFEE-4A45-4EFF-9DF7-4AD7A2AC37D7}"
EndProject
Project("{2150E333-8FDC-42A3-9474-1A3956D46DE8}") = "Authentication", "Authentication", "{D810C9A6-5462-418D-83AD-A6666923160C}"
EndProject
Project("{2150E333-8FDC-42A3-9474-1A3956D46DE8}") = "UIAnnotations", "UIAnnotations", "{C783BBA7-34B6-471F-AF2D-092829C58DBF}"
EndProject
Project("{9A19103F-16F7-4668-BE54-9A1E7A4F7556}") = "rbkApiModules.UIAnnotations", "rbkApiModules.UIAnnotations\rbkApiModules.UIAnnotations.csproj", "{00D2D5C9-EA76-44F6-9ACA-5612D98D4E44}"
EndProject
Project("{9A19103F-16F7-4668-BE54-9A1E7A4F7556}") = "rbkApiModules.UIAnnotations.Tests", "rbkApiModules.UIAnnotations.Tests\rbkApiModules.UIAnnotations.Tests.csproj", "{834D7DC6-654B-4723-B708-FB053746E348}"
EndProject
Project("{9A19103F-16F7-4668-BE54-9A1E7A4F7556}") = "rbkApiModules.Comments", "rbkApiModules.Comments\rbkApiModules.Comments.csproj", "{2EAE1CD0-A072-4DA3-9E13-53A9B90491CB}"
EndProject
Project("{9A19103F-16F7-4668-BE54-9A1E7A4F7556}") = "rbkApiModules.Authentication", "rbkApiModules.Authentication\rbkApiModules.Authentication.csproj", "{8352AB9A-E717-4560-B936-17AEE870C2FE}"
EndProject
Project("{9A19103F-16F7-4668-BE54-9A1E7A4F7556}") = "rbkApiModules.Auditing.Core", "rbkApiModules.Auditing.Core\rbkApiModules.Auditing.Core.csproj", "{AF690B2E-0CDD-47EA-9C0E-856363DFC949}"
EndProject
Project("{9A19103F-16F7-4668-BE54-9A1E7A4F7556}") = "rbkApiModules.Analytics.UI", "rbkApiModules.Analytics.UI\rbkApiModules.Analytics.UI.csproj", "{C1351E4B-7B65-4B73-B62A-9B43923F2EA5}"
EndProject
Project("{9A19103F-16F7-4668-BE54-9A1E7A4F7556}") = "rbkApiModules.Auditing.SqlServer", "rbkApiModules.Auditing.SqlServer\rbkApiModules.Auditing.SqlServer.csproj", "{004F868A-5304-4DD7-BC94-418A7D8BD9D5}"
EndProject
Project("{9A19103F-16F7-4668-BE54-9A1E7A4F7556}") = "rbkApiModules.Auditing.UI", "rbkApiModules.Auditing.UI\rbkApiModules.Auditing.UI.csproj", "{1F510529-3671-4D86-8B10-536110EA47E4}"
EndProject
Project("{9A19103F-16F7-4668-BE54-9A1E7A4F7556}") = "rbkApiModules.Analytics.SqlServer", "rbkApiModules.Analytics.SqlServer\rbkApiModules.Analytics.SqlServer.csproj", "{5BFE3565-58F0-4BD2-8EF4-B71FDE9BCF40}"
EndProject
Project("{9A19103F-16F7-4668-BE54-9A1E7A4F7556}") = "rbkApiModules.Analytics.Core", "rbkApiModules.Analytics.Core\rbkApiModules.Analytics.Core.csproj", "{C389CDA7-F8C8-4664-9B7F-31E99A861FFF}"
EndProject
Project("{9A19103F-16F7-4668-BE54-9A1E7A4F7556}") = "rbkApiModules.Infrastructure.MediatR.Core", "rbkApiModules.Infrastructure.MediatR\rbkApiModules.Infrastructure.MediatR.Core.csproj", "{7898A0F3-4E68-472A-8EDC-35AD914301F9}"
EndProject
Project("{9A19103F-16F7-4668-BE54-9A1E7A4F7556}") = "rbkApiModules.Infrastructure.Api", "rbkApiModules.Infrastructure.Api\rbkApiModules.Infrastructure.Api.csproj", "{A0DD2DBE-3ABF-470E-B713-45FFABA4AD94}"
EndProject
Project("{9A19103F-16F7-4668-BE54-9A1E7A4F7556}") = "rbkApiModules.Infrastructure.Models", "rbkApiModules.Infrastructure.Models\rbkApiModules.Infrastructure.Models.csproj", "{1CE2F00B-8338-4FCC-BD6F-DE534D033883}"
EndProject
Project("{9A19103F-16F7-4668-BE54-9A1E7A4F7556}") = "rbkApiModules.Demo", "rbkApiModules.Demo\rbkApiModules.Demo.csproj", "{7CDE465B-FBB6-44FB-AE94-D36066F63E49}"
EndProject
Project("{9A19103F-16F7-4668-BE54-9A1E7A4F7556}") = "rbkApiModules.Utilities", "rbkApiModules.Utilities\rbkApiModules.Utilities.csproj", "{D49C8C9B-868E-439A-BBB7-3B77AF706E1A}"
EndProject
Project("{2150E333-8FDC-42A3-9474-1A3956D46DE8}") = "SharedUI", "SharedUI", "{A3867976-7854-45E2-8AAD-86C00FBC7AFE}"
EndProject
Project("{9A19103F-16F7-4668-BE54-9A1E7A4F7556}") = "rbkApiModules.SharedUI", "rbkApiModules.SharedUI\rbkApiModules.SharedUI.csproj", "{C7B01EEE-DFE4-4728-B0CD-7F78F4F82BFA}"
EndProject
Project("{2150E333-8FDC-42A3-9474-1A3956D46DE8}") = "Diagnostics", "Diagnostics", "{358BD923-4922-4B95-913F-2E237C55B122}"
EndProject
Project("{9A19103F-16F7-4668-BE54-9A1E7A4F7556}") = "rbkApiModules.Diagnostics.Core", "rbkApiModules.Diagnostics.Core\rbkApiModules.Diagnostics.Core.csproj", "{143E6CCD-8CF8-41B5-BD1F-FEDC65A134EC}"
EndProject
Project("{9A19103F-16F7-4668-BE54-9A1E7A4F7556}") = "rbkApiModules.Diagnostics.SqlServer", "rbkApiModules.Diagnostics.SqlServer\rbkApiModules.Diagnostics.SqlServer.csproj", "{6EF3EE57-1EC5-42E7-B5A7-0370A06B45C3}"
EndProject
Project("{9A19103F-16F7-4668-BE54-9A1E7A4F7556}") = "rbkApiModules.Diagnostics.UI", "rbkApiModules.Diagnostics.UI\rbkApiModules.Diagnostics.UI.csproj", "{6C43C363-718F-4C52-94F6-125339EB1B6B}"
EndProject
Project("{9A19103F-16F7-4668-BE54-9A1E7A4F7556}") = "rbkApiModules.Diagnostics.Commons", "rbkApiModules.Diagnostics.Commons\rbkApiModules.Diagnostics.Commons.csproj", "{F68D9D60-3456-4834-BD3A-068FCC124F17}"
EndProject
Project("{9A19103F-16F7-4668-BE54-9A1E7A4F7556}") = "rbkApiModules.Demo.Tests", "rbkApiModules.Demo.Tests\rbkApiModules.Demo.Tests.csproj", "{1C7A95E4-B2CA-419D-98E7-99AD6D31B459}"
EndProject
Project("{9A19103F-16F7-4668-BE54-9A1E7A4F7556}") = "rbkApiModules.Infrastructure.Api.Tests", "rbkApiModules.Infrastructure.Api.Tests\rbkApiModules.Infrastructure.Api.Tests.csproj", "{3AEC1726-18EA-4321-ABBA-42BF14CFB3D9}"
EndProject
Project("{9A19103F-16F7-4668-BE54-9A1E7A4F7556}") = "rbkApiModules.Infrastructure.MediatR.MongoDB", "rbkApiModules.Infrastructure.MediatR.MongoDB\rbkApiModules.Infrastructure.MediatR.MongoDB.csproj", "{71994570-9EC0-48B1-9837-2FF96095A70A}"
EndProject
Project("{9A19103F-16F7-4668-BE54-9A1E7A4F7556}") = "rbkApiModules.Infrastructure.MediatR.SqlServer", "rbkApiModules.Infrastructure.MediatR.SqlServer\rbkApiModules.Infrastructure.MediatR.SqlServer.csproj", "{B3442E91-46CB-4C98-9443-F88983710476}"
EndProject
Project("{2150E333-8FDC-42A3-9474-1A3956D46DE8}") = "MediatR", "MediatR", "{CE528D07-7ED5-44E8-8887-E1D59CE52D8A}"
EndProject
Project("{2150E333-8FDC-42A3-9474-1A3956D46DE8}") = "Api", "Api", "{EED248A8-1633-4007-916D-06F063189180}"
EndProject
Project("{2150E333-8FDC-42A3-9474-1A3956D46DE8}") = "Utilities", "Utilities", "{AF2C6107-8BCB-4EE3-8D8F-AE098050947F}"
EndProject
Project("{9A19103F-16F7-4668-BE54-9A1E7A4F7556}") = "rbkApiModules.Utilities.Tests", "rbkApiModules.Utilities.Tests\rbkApiModules.Utilities.Tests.csproj", "{34D9690F-C93F-4D53-974B-7FC1E99933D2}"
EndProject
Project("{2150E333-8FDC-42A3-9474-1A3956D46DE8}") = "Workflow", "Workflow", "{2DC6024B-1D80-4813-A95E-A09E36E1A998}"
EndProject
Project("{9A19103F-16F7-4668-BE54-9A1E7A4F7556}") = "rbkApiModules.Workflow", "rbkApiModules.Workflow\rbkApiModules.Workflow.csproj", "{A942077F-F784-4BF0-9A93-4E90857B0574}"
EndProject
Project("{9A19103F-16F7-4668-BE54-9A1E7A4F7556}") = "rbkApiModules.Utilities.EFCore", "rbkApiModules.Utilities.EFCore\rbkApiModules.Utilities.EFCore.csproj", "{FC77B148-85F0-4770-86CC-B5C50040CBCF}"
EndProject
Project("{9A19103F-16F7-4668-BE54-9A1E7A4F7556}") = "rbkApiModules.Utilities.MongoDB", "rbkApiModules.Utilities.MongoDB\rbkApiModules.Utilities.MongoDB.csproj", "{12AF23D8-777C-4AFE-BD09-A7DEA99FF757}"
EndProject
Project("{9A19103F-16F7-4668-BE54-9A1E7A4F7556}") = "rbkApiModules.Utilities.EFCore.Tests", "rbkApiModules.Utilities.EFCore.Tests\rbkApiModules.Utilities.EFCore.Tests.csproj", "{FCB59CE9-9EE6-478A-AF24-84BE8DEC86E5}"
EndProject
Project("{2150E333-8FDC-42A3-9474-1A3956D46DE8}") = "Paypal", "Paypal", "{BEA54493-C14A-47F7-B761-36D00279ACBC}"
EndProject
Project("{FAE04EC0-301F-11D3-BF4B-00C04F79EFBC}") = "rbkApiModules.Paypal.SqlServer", "rbkApiModules.Paypal.SqlServer\rbkApiModules.Paypal.SqlServer.csproj", "{880BA3D9-BFC9-42BB-8D29-3D069BA36E1E}"
EndProject
Global
	GlobalSection(SolutionConfigurationPlatforms) = preSolution
		Debug|Any CPU = Debug|Any CPU
		Release|Any CPU = Release|Any CPU
	EndGlobalSection
	GlobalSection(ProjectConfigurationPlatforms) = postSolution
		{00D2D5C9-EA76-44F6-9ACA-5612D98D4E44}.Debug|Any CPU.ActiveCfg = Debug|Any CPU
		{00D2D5C9-EA76-44F6-9ACA-5612D98D4E44}.Debug|Any CPU.Build.0 = Debug|Any CPU
		{00D2D5C9-EA76-44F6-9ACA-5612D98D4E44}.Release|Any CPU.ActiveCfg = Release|Any CPU
		{00D2D5C9-EA76-44F6-9ACA-5612D98D4E44}.Release|Any CPU.Build.0 = Release|Any CPU
		{834D7DC6-654B-4723-B708-FB053746E348}.Debug|Any CPU.ActiveCfg = Debug|Any CPU
		{834D7DC6-654B-4723-B708-FB053746E348}.Debug|Any CPU.Build.0 = Debug|Any CPU
		{834D7DC6-654B-4723-B708-FB053746E348}.Release|Any CPU.ActiveCfg = Release|Any CPU
		{834D7DC6-654B-4723-B708-FB053746E348}.Release|Any CPU.Build.0 = Release|Any CPU
		{2EAE1CD0-A072-4DA3-9E13-53A9B90491CB}.Debug|Any CPU.ActiveCfg = Debug|Any CPU
		{2EAE1CD0-A072-4DA3-9E13-53A9B90491CB}.Debug|Any CPU.Build.0 = Debug|Any CPU
		{2EAE1CD0-A072-4DA3-9E13-53A9B90491CB}.Release|Any CPU.ActiveCfg = Release|Any CPU
		{2EAE1CD0-A072-4DA3-9E13-53A9B90491CB}.Release|Any CPU.Build.0 = Release|Any CPU
		{8352AB9A-E717-4560-B936-17AEE870C2FE}.Debug|Any CPU.ActiveCfg = Debug|Any CPU
		{8352AB9A-E717-4560-B936-17AEE870C2FE}.Debug|Any CPU.Build.0 = Debug|Any CPU
		{8352AB9A-E717-4560-B936-17AEE870C2FE}.Release|Any CPU.ActiveCfg = Release|Any CPU
		{8352AB9A-E717-4560-B936-17AEE870C2FE}.Release|Any CPU.Build.0 = Release|Any CPU
		{AF690B2E-0CDD-47EA-9C0E-856363DFC949}.Debug|Any CPU.ActiveCfg = Debug|Any CPU
		{AF690B2E-0CDD-47EA-9C0E-856363DFC949}.Debug|Any CPU.Build.0 = Debug|Any CPU
		{AF690B2E-0CDD-47EA-9C0E-856363DFC949}.Release|Any CPU.ActiveCfg = Release|Any CPU
		{AF690B2E-0CDD-47EA-9C0E-856363DFC949}.Release|Any CPU.Build.0 = Release|Any CPU
		{C1351E4B-7B65-4B73-B62A-9B43923F2EA5}.Debug|Any CPU.ActiveCfg = Debug|Any CPU
		{C1351E4B-7B65-4B73-B62A-9B43923F2EA5}.Debug|Any CPU.Build.0 = Debug|Any CPU
		{C1351E4B-7B65-4B73-B62A-9B43923F2EA5}.Release|Any CPU.ActiveCfg = Release|Any CPU
		{C1351E4B-7B65-4B73-B62A-9B43923F2EA5}.Release|Any CPU.Build.0 = Release|Any CPU
		{004F868A-5304-4DD7-BC94-418A7D8BD9D5}.Debug|Any CPU.ActiveCfg = Debug|Any CPU
		{004F868A-5304-4DD7-BC94-418A7D8BD9D5}.Debug|Any CPU.Build.0 = Debug|Any CPU
		{004F868A-5304-4DD7-BC94-418A7D8BD9D5}.Release|Any CPU.ActiveCfg = Release|Any CPU
		{004F868A-5304-4DD7-BC94-418A7D8BD9D5}.Release|Any CPU.Build.0 = Release|Any CPU
		{1F510529-3671-4D86-8B10-536110EA47E4}.Debug|Any CPU.ActiveCfg = Debug|Any CPU
		{1F510529-3671-4D86-8B10-536110EA47E4}.Debug|Any CPU.Build.0 = Debug|Any CPU
		{1F510529-3671-4D86-8B10-536110EA47E4}.Release|Any CPU.ActiveCfg = Release|Any CPU
		{1F510529-3671-4D86-8B10-536110EA47E4}.Release|Any CPU.Build.0 = Release|Any CPU
		{5BFE3565-58F0-4BD2-8EF4-B71FDE9BCF40}.Debug|Any CPU.ActiveCfg = Debug|Any CPU
		{5BFE3565-58F0-4BD2-8EF4-B71FDE9BCF40}.Debug|Any CPU.Build.0 = Debug|Any CPU
		{5BFE3565-58F0-4BD2-8EF4-B71FDE9BCF40}.Release|Any CPU.ActiveCfg = Release|Any CPU
		{5BFE3565-58F0-4BD2-8EF4-B71FDE9BCF40}.Release|Any CPU.Build.0 = Release|Any CPU
		{C389CDA7-F8C8-4664-9B7F-31E99A861FFF}.Debug|Any CPU.ActiveCfg = Debug|Any CPU
		{C389CDA7-F8C8-4664-9B7F-31E99A861FFF}.Debug|Any CPU.Build.0 = Debug|Any CPU
		{C389CDA7-F8C8-4664-9B7F-31E99A861FFF}.Release|Any CPU.ActiveCfg = Release|Any CPU
		{C389CDA7-F8C8-4664-9B7F-31E99A861FFF}.Release|Any CPU.Build.0 = Release|Any CPU
		{7898A0F3-4E68-472A-8EDC-35AD914301F9}.Debug|Any CPU.ActiveCfg = Debug|Any CPU
		{7898A0F3-4E68-472A-8EDC-35AD914301F9}.Debug|Any CPU.Build.0 = Debug|Any CPU
		{7898A0F3-4E68-472A-8EDC-35AD914301F9}.Release|Any CPU.ActiveCfg = Release|Any CPU
		{7898A0F3-4E68-472A-8EDC-35AD914301F9}.Release|Any CPU.Build.0 = Release|Any CPU
		{A0DD2DBE-3ABF-470E-B713-45FFABA4AD94}.Debug|Any CPU.ActiveCfg = Debug|Any CPU
		{A0DD2DBE-3ABF-470E-B713-45FFABA4AD94}.Debug|Any CPU.Build.0 = Debug|Any CPU
		{A0DD2DBE-3ABF-470E-B713-45FFABA4AD94}.Release|Any CPU.ActiveCfg = Release|Any CPU
		{A0DD2DBE-3ABF-470E-B713-45FFABA4AD94}.Release|Any CPU.Build.0 = Release|Any CPU
		{1CE2F00B-8338-4FCC-BD6F-DE534D033883}.Debug|Any CPU.ActiveCfg = Debug|Any CPU
		{1CE2F00B-8338-4FCC-BD6F-DE534D033883}.Debug|Any CPU.Build.0 = Debug|Any CPU
		{1CE2F00B-8338-4FCC-BD6F-DE534D033883}.Release|Any CPU.ActiveCfg = Release|Any CPU
		{1CE2F00B-8338-4FCC-BD6F-DE534D033883}.Release|Any CPU.Build.0 = Release|Any CPU
		{7CDE465B-FBB6-44FB-AE94-D36066F63E49}.Debug|Any CPU.ActiveCfg = Debug|Any CPU
		{7CDE465B-FBB6-44FB-AE94-D36066F63E49}.Debug|Any CPU.Build.0 = Debug|Any CPU
		{7CDE465B-FBB6-44FB-AE94-D36066F63E49}.Release|Any CPU.ActiveCfg = Release|Any CPU
		{7CDE465B-FBB6-44FB-AE94-D36066F63E49}.Release|Any CPU.Build.0 = Release|Any CPU
		{D49C8C9B-868E-439A-BBB7-3B77AF706E1A}.Debug|Any CPU.ActiveCfg = Debug|Any CPU
		{D49C8C9B-868E-439A-BBB7-3B77AF706E1A}.Debug|Any CPU.Build.0 = Debug|Any CPU
		{D49C8C9B-868E-439A-BBB7-3B77AF706E1A}.Release|Any CPU.ActiveCfg = Release|Any CPU
		{D49C8C9B-868E-439A-BBB7-3B77AF706E1A}.Release|Any CPU.Build.0 = Release|Any CPU
		{C7B01EEE-DFE4-4728-B0CD-7F78F4F82BFA}.Debug|Any CPU.ActiveCfg = Debug|Any CPU
		{C7B01EEE-DFE4-4728-B0CD-7F78F4F82BFA}.Debug|Any CPU.Build.0 = Debug|Any CPU
		{C7B01EEE-DFE4-4728-B0CD-7F78F4F82BFA}.Release|Any CPU.ActiveCfg = Release|Any CPU
		{C7B01EEE-DFE4-4728-B0CD-7F78F4F82BFA}.Release|Any CPU.Build.0 = Release|Any CPU
		{143E6CCD-8CF8-41B5-BD1F-FEDC65A134EC}.Debug|Any CPU.ActiveCfg = Debug|Any CPU
		{143E6CCD-8CF8-41B5-BD1F-FEDC65A134EC}.Debug|Any CPU.Build.0 = Debug|Any CPU
		{143E6CCD-8CF8-41B5-BD1F-FEDC65A134EC}.Release|Any CPU.ActiveCfg = Release|Any CPU
		{143E6CCD-8CF8-41B5-BD1F-FEDC65A134EC}.Release|Any CPU.Build.0 = Release|Any CPU
		{6EF3EE57-1EC5-42E7-B5A7-0370A06B45C3}.Debug|Any CPU.ActiveCfg = Debug|Any CPU
		{6EF3EE57-1EC5-42E7-B5A7-0370A06B45C3}.Debug|Any CPU.Build.0 = Debug|Any CPU
		{6EF3EE57-1EC5-42E7-B5A7-0370A06B45C3}.Release|Any CPU.ActiveCfg = Release|Any CPU
		{6EF3EE57-1EC5-42E7-B5A7-0370A06B45C3}.Release|Any CPU.Build.0 = Release|Any CPU
		{6C43C363-718F-4C52-94F6-125339EB1B6B}.Debug|Any CPU.ActiveCfg = Debug|Any CPU
		{6C43C363-718F-4C52-94F6-125339EB1B6B}.Debug|Any CPU.Build.0 = Debug|Any CPU
		{6C43C363-718F-4C52-94F6-125339EB1B6B}.Release|Any CPU.ActiveCfg = Release|Any CPU
		{6C43C363-718F-4C52-94F6-125339EB1B6B}.Release|Any CPU.Build.0 = Release|Any CPU
		{F68D9D60-3456-4834-BD3A-068FCC124F17}.Debug|Any CPU.ActiveCfg = Debug|Any CPU
		{F68D9D60-3456-4834-BD3A-068FCC124F17}.Debug|Any CPU.Build.0 = Debug|Any CPU
		{F68D9D60-3456-4834-BD3A-068FCC124F17}.Release|Any CPU.ActiveCfg = Release|Any CPU
		{F68D9D60-3456-4834-BD3A-068FCC124F17}.Release|Any CPU.Build.0 = Release|Any CPU
		{1C7A95E4-B2CA-419D-98E7-99AD6D31B459}.Debug|Any CPU.ActiveCfg = Debug|Any CPU
		{1C7A95E4-B2CA-419D-98E7-99AD6D31B459}.Debug|Any CPU.Build.0 = Debug|Any CPU
		{1C7A95E4-B2CA-419D-98E7-99AD6D31B459}.Release|Any CPU.ActiveCfg = Release|Any CPU
		{1C7A95E4-B2CA-419D-98E7-99AD6D31B459}.Release|Any CPU.Build.0 = Release|Any CPU
		{3AEC1726-18EA-4321-ABBA-42BF14CFB3D9}.Debug|Any CPU.ActiveCfg = Debug|Any CPU
		{3AEC1726-18EA-4321-ABBA-42BF14CFB3D9}.Debug|Any CPU.Build.0 = Debug|Any CPU
		{3AEC1726-18EA-4321-ABBA-42BF14CFB3D9}.Release|Any CPU.ActiveCfg = Release|Any CPU
		{3AEC1726-18EA-4321-ABBA-42BF14CFB3D9}.Release|Any CPU.Build.0 = Release|Any CPU
		{71994570-9EC0-48B1-9837-2FF96095A70A}.Debug|Any CPU.ActiveCfg = Debug|Any CPU
		{71994570-9EC0-48B1-9837-2FF96095A70A}.Debug|Any CPU.Build.0 = Debug|Any CPU
		{71994570-9EC0-48B1-9837-2FF96095A70A}.Release|Any CPU.ActiveCfg = Release|Any CPU
		{71994570-9EC0-48B1-9837-2FF96095A70A}.Release|Any CPU.Build.0 = Release|Any CPU
		{B3442E91-46CB-4C98-9443-F88983710476}.Debug|Any CPU.ActiveCfg = Debug|Any CPU
		{B3442E91-46CB-4C98-9443-F88983710476}.Debug|Any CPU.Build.0 = Debug|Any CPU
		{B3442E91-46CB-4C98-9443-F88983710476}.Release|Any CPU.ActiveCfg = Release|Any CPU
		{B3442E91-46CB-4C98-9443-F88983710476}.Release|Any CPU.Build.0 = Release|Any CPU
		{34D9690F-C93F-4D53-974B-7FC1E99933D2}.Debug|Any CPU.ActiveCfg = Debug|Any CPU
		{34D9690F-C93F-4D53-974B-7FC1E99933D2}.Debug|Any CPU.Build.0 = Debug|Any CPU
		{34D9690F-C93F-4D53-974B-7FC1E99933D2}.Release|Any CPU.ActiveCfg = Release|Any CPU
		{34D9690F-C93F-4D53-974B-7FC1E99933D2}.Release|Any CPU.Build.0 = Release|Any CPU
		{A942077F-F784-4BF0-9A93-4E90857B0574}.Debug|Any CPU.ActiveCfg = Debug|Any CPU
		{A942077F-F784-4BF0-9A93-4E90857B0574}.Debug|Any CPU.Build.0 = Debug|Any CPU
		{A942077F-F784-4BF0-9A93-4E90857B0574}.Release|Any CPU.ActiveCfg = Release|Any CPU
		{A942077F-F784-4BF0-9A93-4E90857B0574}.Release|Any CPU.Build.0 = Release|Any CPU
		{FC77B148-85F0-4770-86CC-B5C50040CBCF}.Debug|Any CPU.ActiveCfg = Debug|Any CPU
		{FC77B148-85F0-4770-86CC-B5C50040CBCF}.Debug|Any CPU.Build.0 = Debug|Any CPU
		{FC77B148-85F0-4770-86CC-B5C50040CBCF}.Release|Any CPU.ActiveCfg = Release|Any CPU
		{FC77B148-85F0-4770-86CC-B5C50040CBCF}.Release|Any CPU.Build.0 = Release|Any CPU
		{12AF23D8-777C-4AFE-BD09-A7DEA99FF757}.Debug|Any CPU.ActiveCfg = Debug|Any CPU
		{12AF23D8-777C-4AFE-BD09-A7DEA99FF757}.Debug|Any CPU.Build.0 = Debug|Any CPU
		{12AF23D8-777C-4AFE-BD09-A7DEA99FF757}.Release|Any CPU.ActiveCfg = Release|Any CPU
		{12AF23D8-777C-4AFE-BD09-A7DEA99FF757}.Release|Any CPU.Build.0 = Release|Any CPU
		{FCB59CE9-9EE6-478A-AF24-84BE8DEC86E5}.Debug|Any CPU.ActiveCfg = Debug|Any CPU
		{FCB59CE9-9EE6-478A-AF24-84BE8DEC86E5}.Debug|Any CPU.Build.0 = Debug|Any CPU
		{FCB59CE9-9EE6-478A-AF24-84BE8DEC86E5}.Release|Any CPU.ActiveCfg = Release|Any CPU
		{FCB59CE9-9EE6-478A-AF24-84BE8DEC86E5}.Release|Any CPU.Build.0 = Release|Any CPU
		{880BA3D9-BFC9-42BB-8D29-3D069BA36E1E}.Debug|Any CPU.ActiveCfg = Debug|Any CPU
		{880BA3D9-BFC9-42BB-8D29-3D069BA36E1E}.Debug|Any CPU.Build.0 = Debug|Any CPU
		{880BA3D9-BFC9-42BB-8D29-3D069BA36E1E}.Release|Any CPU.ActiveCfg = Release|Any CPU
		{880BA3D9-BFC9-42BB-8D29-3D069BA36E1E}.Release|Any CPU.Build.0 = Release|Any CPU
	EndGlobalSection
	GlobalSection(SolutionProperties) = preSolution
		HideSolutionNode = FALSE
	EndGlobalSection
	GlobalSection(NestedProjects) = preSolution
		{FFA4EEB9-C3F1-424A-9613-EBD9F198FCEF} = {A1A68EE5-8E91-449C-96A8-CCC5BF135D48}
		{B6E9D779-E47A-461D-8639-8DF9B5F673DC} = {A1A68EE5-8E91-449C-96A8-CCC5BF135D48}
		{2F9CAFEE-4A45-4EFF-9DF7-4AD7A2AC37D7} = {A1A68EE5-8E91-449C-96A8-CCC5BF135D48}
		{D810C9A6-5462-418D-83AD-A6666923160C} = {A1A68EE5-8E91-449C-96A8-CCC5BF135D48}
		{C783BBA7-34B6-471F-AF2D-092829C58DBF} = {A1A68EE5-8E91-449C-96A8-CCC5BF135D48}
		{00D2D5C9-EA76-44F6-9ACA-5612D98D4E44} = {C783BBA7-34B6-471F-AF2D-092829C58DBF}
		{834D7DC6-654B-4723-B708-FB053746E348} = {C783BBA7-34B6-471F-AF2D-092829C58DBF}
		{2EAE1CD0-A072-4DA3-9E13-53A9B90491CB} = {2F9CAFEE-4A45-4EFF-9DF7-4AD7A2AC37D7}
		{8352AB9A-E717-4560-B936-17AEE870C2FE} = {D810C9A6-5462-418D-83AD-A6666923160C}
		{AF690B2E-0CDD-47EA-9C0E-856363DFC949} = {B6E9D779-E47A-461D-8639-8DF9B5F673DC}
		{C1351E4B-7B65-4B73-B62A-9B43923F2EA5} = {FFA4EEB9-C3F1-424A-9613-EBD9F198FCEF}
		{004F868A-5304-4DD7-BC94-418A7D8BD9D5} = {B6E9D779-E47A-461D-8639-8DF9B5F673DC}
		{1F510529-3671-4D86-8B10-536110EA47E4} = {B6E9D779-E47A-461D-8639-8DF9B5F673DC}
		{5BFE3565-58F0-4BD2-8EF4-B71FDE9BCF40} = {FFA4EEB9-C3F1-424A-9613-EBD9F198FCEF}
		{C389CDA7-F8C8-4664-9B7F-31E99A861FFF} = {FFA4EEB9-C3F1-424A-9613-EBD9F198FCEF}
		{7898A0F3-4E68-472A-8EDC-35AD914301F9} = {CE528D07-7ED5-44E8-8887-E1D59CE52D8A}
		{A0DD2DBE-3ABF-470E-B713-45FFABA4AD94} = {EED248A8-1633-4007-916D-06F063189180}
		{1CE2F00B-8338-4FCC-BD6F-DE534D033883} = {28AEC725-3257-4A72-BC8B-C6ABB827A897}
		{7CDE465B-FBB6-44FB-AE94-D36066F63E49} = {F4880E1B-B3C1-404F-B6C9-4D712A0DAA3F}
		{D49C8C9B-868E-439A-BBB7-3B77AF706E1A} = {AF2C6107-8BCB-4EE3-8D8F-AE098050947F}
		{A3867976-7854-45E2-8AAD-86C00FBC7AFE} = {A1A68EE5-8E91-449C-96A8-CCC5BF135D48}
		{C7B01EEE-DFE4-4728-B0CD-7F78F4F82BFA} = {A3867976-7854-45E2-8AAD-86C00FBC7AFE}
		{358BD923-4922-4B95-913F-2E237C55B122} = {A1A68EE5-8E91-449C-96A8-CCC5BF135D48}
		{143E6CCD-8CF8-41B5-BD1F-FEDC65A134EC} = {358BD923-4922-4B95-913F-2E237C55B122}
		{6EF3EE57-1EC5-42E7-B5A7-0370A06B45C3} = {358BD923-4922-4B95-913F-2E237C55B122}
		{6C43C363-718F-4C52-94F6-125339EB1B6B} = {358BD923-4922-4B95-913F-2E237C55B122}
		{F68D9D60-3456-4834-BD3A-068FCC124F17} = {358BD923-4922-4B95-913F-2E237C55B122}
		{1C7A95E4-B2CA-419D-98E7-99AD6D31B459} = {F4880E1B-B3C1-404F-B6C9-4D712A0DAA3F}
		{3AEC1726-18EA-4321-ABBA-42BF14CFB3D9} = {EED248A8-1633-4007-916D-06F063189180}
		{71994570-9EC0-48B1-9837-2FF96095A70A} = {CE528D07-7ED5-44E8-8887-E1D59CE52D8A}
		{B3442E91-46CB-4C98-9443-F88983710476} = {CE528D07-7ED5-44E8-8887-E1D59CE52D8A}
		{CE528D07-7ED5-44E8-8887-E1D59CE52D8A} = {28AEC725-3257-4A72-BC8B-C6ABB827A897}
		{EED248A8-1633-4007-916D-06F063189180} = {28AEC725-3257-4A72-BC8B-C6ABB827A897}
		{AF2C6107-8BCB-4EE3-8D8F-AE098050947F} = {28AEC725-3257-4A72-BC8B-C6ABB827A897}
		{34D9690F-C93F-4D53-974B-7FC1E99933D2} = {AF2C6107-8BCB-4EE3-8D8F-AE098050947F}
		{2DC6024B-1D80-4813-A95E-A09E36E1A998} = {A1A68EE5-8E91-449C-96A8-CCC5BF135D48}
		{A942077F-F784-4BF0-9A93-4E90857B0574} = {2DC6024B-1D80-4813-A95E-A09E36E1A998}
		{FC77B148-85F0-4770-86CC-B5C50040CBCF} = {AF2C6107-8BCB-4EE3-8D8F-AE098050947F}
		{12AF23D8-777C-4AFE-BD09-A7DEA99FF757} = {AF2C6107-8BCB-4EE3-8D8F-AE098050947F}
		{FCB59CE9-9EE6-478A-AF24-84BE8DEC86E5} = {AF2C6107-8BCB-4EE3-8D8F-AE098050947F}
		{BEA54493-C14A-47F7-B761-36D00279ACBC} = {A1A68EE5-8E91-449C-96A8-CCC5BF135D48}
		{880BA3D9-BFC9-42BB-8D29-3D069BA36E1E} = {BEA54493-C14A-47F7-B761-36D00279ACBC}
	EndGlobalSection
	GlobalSection(ExtensibilityGlobals) = postSolution
		SolutionGuid = {9AAC09BF-43DC-408B-8F24-24DAA39DA1E8}
	EndGlobalSection
EndGlobal
