
Microsoft Visual Studio Solution File, Format Version 12.00
# Visual Studio Version 17
VisualStudioVersion = 17.3.32901.215
MinimumVisualStudioVersion = 10.0.40219.1
Project("{9A19103F-16F7-4668-BE54-9A1E7A4F7556}") = "Demo1.Api", "Demo1\Demo1.Api\Demo1.Api.csproj", "{AF34529C-9CC2-48B4-A887-3B148A6D907A}"
EndProject
Project("{9A19103F-16F7-4668-BE54-9A1E7A4F7556}") = "Demo1.BusinessLogic.Commands", "Demo1\Demo1.BusinessLogic.Commands\Demo1.BusinessLogic.Commands.csproj", "{C72E31FA-C729-4320-A71F-BC4600A2EAA9}"
EndProject
Project("{2150E333-8FDC-42A3-9474-1A3956D46DE8}") = "Solution Items", "Solution Items", "{24A80F2D-E586-4703-9DB6-FB25259FC236}"
	ProjectSection(SolutionItems) = preProject
		discussions.txt = discussions.txt
		LICENSE = LICENSE
	EndProjectSection
EndProject
Project("{9A19103F-16F7-4668-BE54-9A1E7A4F7556}") = "Demo1.DataTransfer", "Demo1\Demo1.DataTransfer\Demo1.DataTransfer.csproj", "{BF139F55-52D7-41DF-9FF3-FBF1A5613566}"
EndProject
Project("{9A19103F-16F7-4668-BE54-9A1E7A4F7556}") = "Demo1.Models.Read", "Demo1\Demo1.Models.Read\Demo1.Models.Read.csproj", "{8209FE57-EC43-4943-9F5A-DCE59BECE1B0}"
EndProject
Project("{9A19103F-16F7-4668-BE54-9A1E7A4F7556}") = "Demo1.Models.Domain", "Demo1\Demo1.Models.Domain\Demo1.Models.Domain.csproj", "{51942408-249A-4EAA-88DD-C99394C10B91}"
EndProject
Project("{9A19103F-16F7-4668-BE54-9A1E7A4F7556}") = "Demo1.Database.Domain", "Demo1\Demo1.Database.Domain\Demo1.Database.Domain.csproj", "{6A326074-3875-48FE-B3FC-58746984798C}"
EndProject
Project("{9A19103F-16F7-4668-BE54-9A1E7A4F7556}") = "Demo1.Database.Read", "Demo1\Demo1.Database.Read\Demo1.Database.Read.csproj", "{0F15D200-D09B-4965-BA38-C338885919DA}"
EndProject
Project("{9A19103F-16F7-4668-BE54-9A1E7A4F7556}") = "Demo1.BusinessLogic.Queries", "Demo1\Demo1.BusinessLogic.Queries\Demo1.BusinessLogic.Queries.csproj", "{C3B6A47C-EEDC-4FA6-B328-D14020399DFA}"
EndProject
Project("{9A19103F-16F7-4668-BE54-9A1E7A4F7556}") = "Demo1.BusinessLogic.Validators", "Demo1\Demo1.BusinessLogic.Validators\Demo1.BusinessLogic.Validators.csproj", "{B95C7FB0-6E61-45E8-96BA-493AB5BC7595}"
EndProject
Project("{2150E333-8FDC-42A3-9474-1A3956D46DE8}") = "BusinessLogic", "BusinessLogic", "{76EA39E5-7E67-4727-AC6E-15A8200543BE}"
EndProject
Project("{2150E333-8FDC-42A3-9474-1A3956D46DE8}") = "Database", "Database", "{F93062E6-EE6B-43E2-AB20-27632C28A437}"
EndProject
Project("{2150E333-8FDC-42A3-9474-1A3956D46DE8}") = "Models", "Models", "{DEA8BD08-1EE5-4C48-B72E-5B3296F1C62F}"
EndProject
Project("{2150E333-8FDC-42A3-9474-1A3956D46DE8}") = "Libraries", "Libraries", "{31E68E16-8360-4E9A-BBB8-AFF160F67851}"
EndProject
Project("{9A19103F-16F7-4668-BE54-9A1E7A4F7556}") = "Demo1.Models.Read.Mappings", "Demo1\Demo1.Models.Read.Mappings\Demo1.Models.Read.Mappings.csproj", "{DE03ADB5-D3FF-41CF-8D58-B62132E5D55F}"
EndProject
Project("{2150E333-8FDC-42A3-9474-1A3956D46DE8}") = "Services", "Services", "{D6DB387F-FCCD-4ED5-B2E2-84DEE62CF8BB}"
EndProject
Project("{2150E333-8FDC-42A3-9474-1A3956D46DE8}") = "Demo1", "Demo1", "{84FDE0F6-0E39-46F4-BE4C-B0CCA431D13A}"
EndProject
Project("{2150E333-8FDC-42A3-9474-1A3956D46DE8}") = "Tests", "Tests", "{17637C69-C691-4368-8C26-DF6B58677214}"
EndProject
Project("{2150E333-8FDC-42A3-9474-1A3956D46DE8}") = "Demos", "Demos", "{54EA380B-014B-475D-AD85-204BA261E614}"
EndProject
Project("{2150E333-8FDC-42A3-9474-1A3956D46DE8}") = "Demo2", "Demo2", "{30F0C25D-7C28-4616-A8AA-C4370B09D3BC}"
EndProject
Project("{9A19103F-16F7-4668-BE54-9A1E7A4F7556}") = "rbkApiModules.Commons.Core", "Libraries\rbkApiModules.Commons.Core\rbkApiModules.Commons.Core.csproj", "{7F472334-93CA-42FF-A18B-637C72C1E056}"
EndProject
Project("{9A19103F-16F7-4668-BE54-9A1E7A4F7556}") = "rbkApiModules.Commons.Relational", "Libraries\rbkApiModules.Commons.Relational\rbkApiModules.Commons.Relational.csproj", "{91CE3FB9-26E0-461A-A5AA-847B1565FB7E}"
EndProject
Project("{9A19103F-16F7-4668-BE54-9A1E7A4F7556}") = "rbkApiModules.Identity.Relational", "Libraries\rbkApiModules.Identity.Relational\rbkApiModules.Identity.Relational.csproj", "{15EA1FCF-4EB3-4B7A-B014-9B5D7370F49A}"
EndProject
Project("{9A19103F-16F7-4668-BE54-9A1E7A4F7556}") = "rbkApiModules.Identity.Core", "Libraries\rbkApiModules.Identity.Core\rbkApiModules.Identity.Core.csproj", "{F53C0380-A975-4390-824A-7B9F88796F09}"
EndProject
Project("{9A19103F-16F7-4668-BE54-9A1E7A4F7556}") = "rbkApiModules.Comments.Core", "Libraries\rbkApiModules.Comments.Core\rbkApiModules.Comments.Core.csproj", "{1ACDC8AB-DE11-49B1-AC74-4176534A1A2A}"
EndProject
Project("{9A19103F-16F7-4668-BE54-9A1E7A4F7556}") = "rbkApiModules.Comments.Relational", "Libraries\rbkApiModules.Comments.Relational\rbkApiModules.Comments.Relational.csproj", "{4762A565-C7C6-47A0-8FD6-E779CEEB28D3}"
EndProject
Project("{9A19103F-16F7-4668-BE54-9A1E7A4F7556}") = "rbkApiModules.Faqs.Core", "Libraries\rbkApiModules.Faqs.Core\rbkApiModules.Faqs.Core.csproj", "{5AB5AD0C-0F0E-47B3-B5D8-5797A339D238}"
EndProject
Project("{9A19103F-16F7-4668-BE54-9A1E7A4F7556}") = "rbkApiModules.Faqs.Relational", "Libraries\rbkApiModules.Faqs.Relational\rbkApiModules.Faqs.Relational.csproj", "{10C61FB2-9703-4615-9A75-129BEE88B89A}"
EndProject
Project("{9A19103F-16F7-4668-BE54-9A1E7A4F7556}") = "rbkApiModules.Notifications.Core", "Libraries\rbkApiModules.Notifications.Core\rbkApiModules.Notifications.Core.csproj", "{A49F0C5E-9888-4A6B-84E5-94AF25D7FD67}"
EndProject
Project("{9A19103F-16F7-4668-BE54-9A1E7A4F7556}") = "rbkApiModules.Notifications.Relational", "Libraries\rbkApiModules.Notifications.Relational\rbkApiModules.Notifications.Relational.csproj", "{AE7C2CDC-1556-41B5-A942-60E0D90D6532}"
EndProject
Project("{9A19103F-16F7-4668-BE54-9A1E7A4F7556}") = "rbkApiModules.Workflow.Core", "Libraries\rbkApiModules.Workflow.Core\rbkApiModules.Workflow.Core.csproj", "{A546CFE5-BDE1-4E41-894C-403C8578AED3}"
EndProject
Project("{9A19103F-16F7-4668-BE54-9A1E7A4F7556}") = "rbkApiModules.Workflow.Relational", "Libraries\rbkApiModules.Workflow.Relational\rbkApiModules.Workflow.Relational.csproj", "{2ABD7BA1-BE33-48CA-9B19-781995C3C6FE}"
EndProject
Project("{9A19103F-16F7-4668-BE54-9A1E7A4F7556}") = "rbkApiModules.SharedUI.Core", "Libraries\rbkApiModules.SharedUI.Core\rbkApiModules.SharedUI.Core.csproj", "{8E7BC169-4A4F-4429-BAB8-1482E03286EE}"
EndProject
Project("{9A19103F-16F7-4668-BE54-9A1E7A4F7556}") = "rbkApiModules.Auditing.Core", "Libraries\rbkApiModules.Auditing.Core\rbkApiModules.Auditing.Core.csproj", "{74AE3E7A-8C42-4808-BB5F-8775B2A664B1}"
EndProject
Project("{9A19103F-16F7-4668-BE54-9A1E7A4F7556}") = "rbkApiModules.Auditing.Relational", "Libraries\rbkApiModules.Auditing.Relational\rbkApiModules.Auditing.Relational.csproj", "{604D7499-6FA6-498D-8A47-4241FF06043E}"
EndProject
Project("{9A19103F-16F7-4668-BE54-9A1E7A4F7556}") = "rbkApiModules.Tests.Integration", "Tests\rbkApiModules.Tests.Integration\rbkApiModules.Tests.Integration.csproj", "{4A882EB6-95E1-4037-8F89-BA47E848BDF0}"
EndProject
Project("{2150E333-8FDC-42A3-9474-1A3956D46DE8}") = "Tests", "Tests", "{B31ADA3B-A0FD-44ED-B53B-F1788D520809}"
	ProjectSection(SolutionItems) = preProject
		CodeCoverage.runsettings = CodeCoverage.runsettings
		CoverageReport.ps1 = CoverageReport.ps1
		TestPlan.xlsx = TestPlan.xlsx
	EndProjectSection
EndProject
Project("{2150E333-8FDC-42A3-9474-1A3956D46DE8}") = "Scripts", "Scripts", "{47E1DA3D-CA3C-4155-BFCF-97EFA4BDCF88}"
	ProjectSection(SolutionItems) = preProject
		CleanRepositoryFolder.ps1 = CleanRepositoryFolder.ps1
		publish_pre-release.txt = publish_pre-release.txt
		tips.txt = tips.txt
		unlist.ps1 = unlist.ps1
	EndProjectSection
EndProject
Project("{9A19103F-16F7-4668-BE54-9A1E7A4F7556}") = "rbkApiModules.Testing.Core", "Libraries\rbkApiModules.Testing.Core\rbkApiModules.Testing.Core.csproj", "{75F81C8A-322E-460C-AE50-EA7147583B90}"
EndProject
Project("{2150E333-8FDC-42A3-9474-1A3956D46DE8}") = "Demo3", "Demo3", "{09F8AC1C-E203-476D-A59B-551405C12ED7}"
Project("{9A19103F-16F7-4668-BE54-9A1E7A4F7556}") = "Demo2", "Demo2\Demo2\Demo2.csproj", "{509EE73F-C09C-4320-8728-2102B6FD5A7D}"
EndProject
Global
	GlobalSection(SolutionConfigurationPlatforms) = preSolution
		Debug|Any CPU = Debug|Any CPU
		Release|Any CPU = Release|Any CPU
	EndGlobalSection
	GlobalSection(ProjectConfigurationPlatforms) = postSolution
		{AF34529C-9CC2-48B4-A887-3B148A6D907A}.Debug|Any CPU.ActiveCfg = Debug|Any CPU
		{AF34529C-9CC2-48B4-A887-3B148A6D907A}.Debug|Any CPU.Build.0 = Debug|Any CPU
		{AF34529C-9CC2-48B4-A887-3B148A6D907A}.Release|Any CPU.ActiveCfg = Release|Any CPU
		{AF34529C-9CC2-48B4-A887-3B148A6D907A}.Release|Any CPU.Build.0 = Release|Any CPU
		{C72E31FA-C729-4320-A71F-BC4600A2EAA9}.Debug|Any CPU.ActiveCfg = Debug|Any CPU
		{C72E31FA-C729-4320-A71F-BC4600A2EAA9}.Debug|Any CPU.Build.0 = Debug|Any CPU
		{C72E31FA-C729-4320-A71F-BC4600A2EAA9}.Release|Any CPU.ActiveCfg = Release|Any CPU
		{C72E31FA-C729-4320-A71F-BC4600A2EAA9}.Release|Any CPU.Build.0 = Release|Any CPU
		{BF139F55-52D7-41DF-9FF3-FBF1A5613566}.Debug|Any CPU.ActiveCfg = Debug|Any CPU
		{BF139F55-52D7-41DF-9FF3-FBF1A5613566}.Debug|Any CPU.Build.0 = Debug|Any CPU
		{BF139F55-52D7-41DF-9FF3-FBF1A5613566}.Release|Any CPU.ActiveCfg = Release|Any CPU
		{BF139F55-52D7-41DF-9FF3-FBF1A5613566}.Release|Any CPU.Build.0 = Release|Any CPU
		{8209FE57-EC43-4943-9F5A-DCE59BECE1B0}.Debug|Any CPU.ActiveCfg = Debug|Any CPU
		{8209FE57-EC43-4943-9F5A-DCE59BECE1B0}.Debug|Any CPU.Build.0 = Debug|Any CPU
		{8209FE57-EC43-4943-9F5A-DCE59BECE1B0}.Release|Any CPU.ActiveCfg = Release|Any CPU
		{8209FE57-EC43-4943-9F5A-DCE59BECE1B0}.Release|Any CPU.Build.0 = Release|Any CPU
		{51942408-249A-4EAA-88DD-C99394C10B91}.Debug|Any CPU.ActiveCfg = Debug|Any CPU
		{51942408-249A-4EAA-88DD-C99394C10B91}.Debug|Any CPU.Build.0 = Debug|Any CPU
		{51942408-249A-4EAA-88DD-C99394C10B91}.Release|Any CPU.ActiveCfg = Release|Any CPU
		{51942408-249A-4EAA-88DD-C99394C10B91}.Release|Any CPU.Build.0 = Release|Any CPU
		{6A326074-3875-48FE-B3FC-58746984798C}.Debug|Any CPU.ActiveCfg = Debug|Any CPU
		{6A326074-3875-48FE-B3FC-58746984798C}.Debug|Any CPU.Build.0 = Debug|Any CPU
		{6A326074-3875-48FE-B3FC-58746984798C}.Release|Any CPU.ActiveCfg = Release|Any CPU
		{6A326074-3875-48FE-B3FC-58746984798C}.Release|Any CPU.Build.0 = Release|Any CPU
		{0F15D200-D09B-4965-BA38-C338885919DA}.Debug|Any CPU.ActiveCfg = Debug|Any CPU
		{0F15D200-D09B-4965-BA38-C338885919DA}.Debug|Any CPU.Build.0 = Debug|Any CPU
		{0F15D200-D09B-4965-BA38-C338885919DA}.Release|Any CPU.ActiveCfg = Release|Any CPU
		{0F15D200-D09B-4965-BA38-C338885919DA}.Release|Any CPU.Build.0 = Release|Any CPU
		{C3B6A47C-EEDC-4FA6-B328-D14020399DFA}.Debug|Any CPU.ActiveCfg = Debug|Any CPU
		{C3B6A47C-EEDC-4FA6-B328-D14020399DFA}.Debug|Any CPU.Build.0 = Debug|Any CPU
		{C3B6A47C-EEDC-4FA6-B328-D14020399DFA}.Release|Any CPU.ActiveCfg = Release|Any CPU
		{C3B6A47C-EEDC-4FA6-B328-D14020399DFA}.Release|Any CPU.Build.0 = Release|Any CPU
		{B95C7FB0-6E61-45E8-96BA-493AB5BC7595}.Debug|Any CPU.ActiveCfg = Debug|Any CPU
		{B95C7FB0-6E61-45E8-96BA-493AB5BC7595}.Debug|Any CPU.Build.0 = Debug|Any CPU
		{B95C7FB0-6E61-45E8-96BA-493AB5BC7595}.Release|Any CPU.ActiveCfg = Release|Any CPU
		{B95C7FB0-6E61-45E8-96BA-493AB5BC7595}.Release|Any CPU.Build.0 = Release|Any CPU
		{DE03ADB5-D3FF-41CF-8D58-B62132E5D55F}.Debug|Any CPU.ActiveCfg = Debug|Any CPU
		{DE03ADB5-D3FF-41CF-8D58-B62132E5D55F}.Debug|Any CPU.Build.0 = Debug|Any CPU
		{DE03ADB5-D3FF-41CF-8D58-B62132E5D55F}.Release|Any CPU.ActiveCfg = Release|Any CPU
		{DE03ADB5-D3FF-41CF-8D58-B62132E5D55F}.Release|Any CPU.Build.0 = Release|Any CPU
		{7F472334-93CA-42FF-A18B-637C72C1E056}.Debug|Any CPU.ActiveCfg = Debug|Any CPU
		{7F472334-93CA-42FF-A18B-637C72C1E056}.Debug|Any CPU.Build.0 = Debug|Any CPU
		{7F472334-93CA-42FF-A18B-637C72C1E056}.Release|Any CPU.ActiveCfg = Release|Any CPU
		{7F472334-93CA-42FF-A18B-637C72C1E056}.Release|Any CPU.Build.0 = Release|Any CPU
		{91CE3FB9-26E0-461A-A5AA-847B1565FB7E}.Debug|Any CPU.ActiveCfg = Debug|Any CPU
		{91CE3FB9-26E0-461A-A5AA-847B1565FB7E}.Debug|Any CPU.Build.0 = Debug|Any CPU
		{91CE3FB9-26E0-461A-A5AA-847B1565FB7E}.Release|Any CPU.ActiveCfg = Release|Any CPU
		{91CE3FB9-26E0-461A-A5AA-847B1565FB7E}.Release|Any CPU.Build.0 = Release|Any CPU
		{15EA1FCF-4EB3-4B7A-B014-9B5D7370F49A}.Debug|Any CPU.ActiveCfg = Debug|Any CPU
		{15EA1FCF-4EB3-4B7A-B014-9B5D7370F49A}.Debug|Any CPU.Build.0 = Debug|Any CPU
		{15EA1FCF-4EB3-4B7A-B014-9B5D7370F49A}.Release|Any CPU.ActiveCfg = Release|Any CPU
		{15EA1FCF-4EB3-4B7A-B014-9B5D7370F49A}.Release|Any CPU.Build.0 = Release|Any CPU
		{F53C0380-A975-4390-824A-7B9F88796F09}.Debug|Any CPU.ActiveCfg = Debug|Any CPU
		{F53C0380-A975-4390-824A-7B9F88796F09}.Debug|Any CPU.Build.0 = Debug|Any CPU
		{F53C0380-A975-4390-824A-7B9F88796F09}.Release|Any CPU.ActiveCfg = Release|Any CPU
		{F53C0380-A975-4390-824A-7B9F88796F09}.Release|Any CPU.Build.0 = Release|Any CPU
		{1ACDC8AB-DE11-49B1-AC74-4176534A1A2A}.Debug|Any CPU.ActiveCfg = Debug|Any CPU
		{1ACDC8AB-DE11-49B1-AC74-4176534A1A2A}.Debug|Any CPU.Build.0 = Debug|Any CPU
		{1ACDC8AB-DE11-49B1-AC74-4176534A1A2A}.Release|Any CPU.ActiveCfg = Release|Any CPU
		{1ACDC8AB-DE11-49B1-AC74-4176534A1A2A}.Release|Any CPU.Build.0 = Release|Any CPU
		{4762A565-C7C6-47A0-8FD6-E779CEEB28D3}.Debug|Any CPU.ActiveCfg = Debug|Any CPU
		{4762A565-C7C6-47A0-8FD6-E779CEEB28D3}.Debug|Any CPU.Build.0 = Debug|Any CPU
		{4762A565-C7C6-47A0-8FD6-E779CEEB28D3}.Release|Any CPU.ActiveCfg = Release|Any CPU
		{4762A565-C7C6-47A0-8FD6-E779CEEB28D3}.Release|Any CPU.Build.0 = Release|Any CPU
		{5AB5AD0C-0F0E-47B3-B5D8-5797A339D238}.Debug|Any CPU.ActiveCfg = Debug|Any CPU
		{5AB5AD0C-0F0E-47B3-B5D8-5797A339D238}.Debug|Any CPU.Build.0 = Debug|Any CPU
		{5AB5AD0C-0F0E-47B3-B5D8-5797A339D238}.Release|Any CPU.ActiveCfg = Release|Any CPU
		{5AB5AD0C-0F0E-47B3-B5D8-5797A339D238}.Release|Any CPU.Build.0 = Release|Any CPU
		{10C61FB2-9703-4615-9A75-129BEE88B89A}.Debug|Any CPU.ActiveCfg = Debug|Any CPU
		{10C61FB2-9703-4615-9A75-129BEE88B89A}.Debug|Any CPU.Build.0 = Debug|Any CPU
		{10C61FB2-9703-4615-9A75-129BEE88B89A}.Release|Any CPU.ActiveCfg = Release|Any CPU
		{10C61FB2-9703-4615-9A75-129BEE88B89A}.Release|Any CPU.Build.0 = Release|Any CPU
		{A49F0C5E-9888-4A6B-84E5-94AF25D7FD67}.Debug|Any CPU.ActiveCfg = Debug|Any CPU
		{A49F0C5E-9888-4A6B-84E5-94AF25D7FD67}.Debug|Any CPU.Build.0 = Debug|Any CPU
		{A49F0C5E-9888-4A6B-84E5-94AF25D7FD67}.Release|Any CPU.ActiveCfg = Release|Any CPU
		{A49F0C5E-9888-4A6B-84E5-94AF25D7FD67}.Release|Any CPU.Build.0 = Release|Any CPU
		{AE7C2CDC-1556-41B5-A942-60E0D90D6532}.Debug|Any CPU.ActiveCfg = Debug|Any CPU
		{AE7C2CDC-1556-41B5-A942-60E0D90D6532}.Debug|Any CPU.Build.0 = Debug|Any CPU
		{AE7C2CDC-1556-41B5-A942-60E0D90D6532}.Release|Any CPU.ActiveCfg = Release|Any CPU
		{AE7C2CDC-1556-41B5-A942-60E0D90D6532}.Release|Any CPU.Build.0 = Release|Any CPU
		{A546CFE5-BDE1-4E41-894C-403C8578AED3}.Debug|Any CPU.ActiveCfg = Debug|Any CPU
		{A546CFE5-BDE1-4E41-894C-403C8578AED3}.Debug|Any CPU.Build.0 = Debug|Any CPU
		{A546CFE5-BDE1-4E41-894C-403C8578AED3}.Release|Any CPU.ActiveCfg = Release|Any CPU
		{A546CFE5-BDE1-4E41-894C-403C8578AED3}.Release|Any CPU.Build.0 = Release|Any CPU
		{2ABD7BA1-BE33-48CA-9B19-781995C3C6FE}.Debug|Any CPU.ActiveCfg = Debug|Any CPU
		{2ABD7BA1-BE33-48CA-9B19-781995C3C6FE}.Debug|Any CPU.Build.0 = Debug|Any CPU
		{2ABD7BA1-BE33-48CA-9B19-781995C3C6FE}.Release|Any CPU.ActiveCfg = Release|Any CPU
		{2ABD7BA1-BE33-48CA-9B19-781995C3C6FE}.Release|Any CPU.Build.0 = Release|Any CPU
		{8E7BC169-4A4F-4429-BAB8-1482E03286EE}.Debug|Any CPU.ActiveCfg = Debug|Any CPU
		{8E7BC169-4A4F-4429-BAB8-1482E03286EE}.Debug|Any CPU.Build.0 = Debug|Any CPU
		{8E7BC169-4A4F-4429-BAB8-1482E03286EE}.Release|Any CPU.ActiveCfg = Release|Any CPU
		{8E7BC169-4A4F-4429-BAB8-1482E03286EE}.Release|Any CPU.Build.0 = Release|Any CPU
		{74AE3E7A-8C42-4808-BB5F-8775B2A664B1}.Debug|Any CPU.ActiveCfg = Debug|Any CPU
		{74AE3E7A-8C42-4808-BB5F-8775B2A664B1}.Debug|Any CPU.Build.0 = Debug|Any CPU
		{74AE3E7A-8C42-4808-BB5F-8775B2A664B1}.Release|Any CPU.ActiveCfg = Release|Any CPU
		{74AE3E7A-8C42-4808-BB5F-8775B2A664B1}.Release|Any CPU.Build.0 = Release|Any CPU
		{604D7499-6FA6-498D-8A47-4241FF06043E}.Debug|Any CPU.ActiveCfg = Debug|Any CPU
		{604D7499-6FA6-498D-8A47-4241FF06043E}.Debug|Any CPU.Build.0 = Debug|Any CPU
		{604D7499-6FA6-498D-8A47-4241FF06043E}.Release|Any CPU.ActiveCfg = Release|Any CPU
		{604D7499-6FA6-498D-8A47-4241FF06043E}.Release|Any CPU.Build.0 = Release|Any CPU
		{4A882EB6-95E1-4037-8F89-BA47E848BDF0}.Debug|Any CPU.ActiveCfg = Debug|Any CPU
		{4A882EB6-95E1-4037-8F89-BA47E848BDF0}.Debug|Any CPU.Build.0 = Debug|Any CPU
		{4A882EB6-95E1-4037-8F89-BA47E848BDF0}.Release|Any CPU.ActiveCfg = Release|Any CPU
		{4A882EB6-95E1-4037-8F89-BA47E848BDF0}.Release|Any CPU.Build.0 = Release|Any CPU
		{75F81C8A-322E-460C-AE50-EA7147583B90}.Debug|Any CPU.ActiveCfg = Debug|Any CPU
		{75F81C8A-322E-460C-AE50-EA7147583B90}.Debug|Any CPU.Build.0 = Debug|Any CPU
		{75F81C8A-322E-460C-AE50-EA7147583B90}.Release|Any CPU.ActiveCfg = Release|Any CPU
		{75F81C8A-322E-460C-AE50-EA7147583B90}.Release|Any CPU.Build.0 = Release|Any CPU
		{509EE73F-C09C-4320-8728-2102B6FD5A7D}.Debug|Any CPU.ActiveCfg = Debug|Any CPU
		{509EE73F-C09C-4320-8728-2102B6FD5A7D}.Debug|Any CPU.Build.0 = Debug|Any CPU
		{509EE73F-C09C-4320-8728-2102B6FD5A7D}.Release|Any CPU.ActiveCfg = Release|Any CPU
		{509EE73F-C09C-4320-8728-2102B6FD5A7D}.Release|Any CPU.Build.0 = Release|Any CPU
		{39002834-47DD-42A4-9E44-BB45E86C83D9}.Debug|Any CPU.ActiveCfg = Debug|Any CPU
		{39002834-47DD-42A4-9E44-BB45E86C83D9}.Debug|Any CPU.Build.0 = Debug|Any CPU
		{39002834-47DD-42A4-9E44-BB45E86C83D9}.Release|Any CPU.ActiveCfg = Release|Any CPU
		{39002834-47DD-42A4-9E44-BB45E86C83D9}.Release|Any CPU.Build.0 = Release|Any CPU
	EndGlobalSection
	GlobalSection(SolutionProperties) = preSolution
		HideSolutionNode = FALSE
	EndGlobalSection
	GlobalSection(NestedProjects) = preSolution
		{AF34529C-9CC2-48B4-A887-3B148A6D907A} = {D6DB387F-FCCD-4ED5-B2E2-84DEE62CF8BB}
		{C72E31FA-C729-4320-A71F-BC4600A2EAA9} = {76EA39E5-7E67-4727-AC6E-15A8200543BE}
		{BF139F55-52D7-41DF-9FF3-FBF1A5613566} = {D6DB387F-FCCD-4ED5-B2E2-84DEE62CF8BB}
		{8209FE57-EC43-4943-9F5A-DCE59BECE1B0} = {DEA8BD08-1EE5-4C48-B72E-5B3296F1C62F}
		{51942408-249A-4EAA-88DD-C99394C10B91} = {DEA8BD08-1EE5-4C48-B72E-5B3296F1C62F}
		{6A326074-3875-48FE-B3FC-58746984798C} = {F93062E6-EE6B-43E2-AB20-27632C28A437}
		{0F15D200-D09B-4965-BA38-C338885919DA} = {F93062E6-EE6B-43E2-AB20-27632C28A437}
		{C3B6A47C-EEDC-4FA6-B328-D14020399DFA} = {76EA39E5-7E67-4727-AC6E-15A8200543BE}
		{B95C7FB0-6E61-45E8-96BA-493AB5BC7595} = {76EA39E5-7E67-4727-AC6E-15A8200543BE}
		{76EA39E5-7E67-4727-AC6E-15A8200543BE} = {84FDE0F6-0E39-46F4-BE4C-B0CCA431D13A}
		{F93062E6-EE6B-43E2-AB20-27632C28A437} = {84FDE0F6-0E39-46F4-BE4C-B0CCA431D13A}
		{DEA8BD08-1EE5-4C48-B72E-5B3296F1C62F} = {84FDE0F6-0E39-46F4-BE4C-B0CCA431D13A}
		{DE03ADB5-D3FF-41CF-8D58-B62132E5D55F} = {DEA8BD08-1EE5-4C48-B72E-5B3296F1C62F}
		{D6DB387F-FCCD-4ED5-B2E2-84DEE62CF8BB} = {84FDE0F6-0E39-46F4-BE4C-B0CCA431D13A}
		{84FDE0F6-0E39-46F4-BE4C-B0CCA431D13A} = {54EA380B-014B-475D-AD85-204BA261E614}
		{17637C69-C691-4368-8C26-DF6B58677214} = {31E68E16-8360-4E9A-BBB8-AFF160F67851}
		{30F0C25D-7C28-4616-A8AA-C4370B09D3BC} = {54EA380B-014B-475D-AD85-204BA261E614}
		{7F472334-93CA-42FF-A18B-637C72C1E056} = {31E68E16-8360-4E9A-BBB8-AFF160F67851}
		{91CE3FB9-26E0-461A-A5AA-847B1565FB7E} = {31E68E16-8360-4E9A-BBB8-AFF160F67851}
		{15EA1FCF-4EB3-4B7A-B014-9B5D7370F49A} = {31E68E16-8360-4E9A-BBB8-AFF160F67851}
		{F53C0380-A975-4390-824A-7B9F88796F09} = {31E68E16-8360-4E9A-BBB8-AFF160F67851}
		{1ACDC8AB-DE11-49B1-AC74-4176534A1A2A} = {31E68E16-8360-4E9A-BBB8-AFF160F67851}
		{4762A565-C7C6-47A0-8FD6-E779CEEB28D3} = {31E68E16-8360-4E9A-BBB8-AFF160F67851}
		{5AB5AD0C-0F0E-47B3-B5D8-5797A339D238} = {31E68E16-8360-4E9A-BBB8-AFF160F67851}
		{10C61FB2-9703-4615-9A75-129BEE88B89A} = {31E68E16-8360-4E9A-BBB8-AFF160F67851}
		{A49F0C5E-9888-4A6B-84E5-94AF25D7FD67} = {31E68E16-8360-4E9A-BBB8-AFF160F67851}
		{AE7C2CDC-1556-41B5-A942-60E0D90D6532} = {31E68E16-8360-4E9A-BBB8-AFF160F67851}
		{A546CFE5-BDE1-4E41-894C-403C8578AED3} = {31E68E16-8360-4E9A-BBB8-AFF160F67851}
		{2ABD7BA1-BE33-48CA-9B19-781995C3C6FE} = {31E68E16-8360-4E9A-BBB8-AFF160F67851}
		{8E7BC169-4A4F-4429-BAB8-1482E03286EE} = {31E68E16-8360-4E9A-BBB8-AFF160F67851}
		{74AE3E7A-8C42-4808-BB5F-8775B2A664B1} = {31E68E16-8360-4E9A-BBB8-AFF160F67851}
		{604D7499-6FA6-498D-8A47-4241FF06043E} = {31E68E16-8360-4E9A-BBB8-AFF160F67851}
		{4A882EB6-95E1-4037-8F89-BA47E848BDF0} = {17637C69-C691-4368-8C26-DF6B58677214}
		{B31ADA3B-A0FD-44ED-B53B-F1788D520809} = {24A80F2D-E586-4703-9DB6-FB25259FC236}
		{47E1DA3D-CA3C-4155-BFCF-97EFA4BDCF88} = {24A80F2D-E586-4703-9DB6-FB25259FC236}
		{75F81C8A-322E-460C-AE50-EA7147583B90} = {31E68E16-8360-4E9A-BBB8-AFF160F67851}
		{509EE73F-C09C-4320-8728-2102B6FD5A7D} = {30F0C25D-7C28-4616-A8AA-C4370B09D3BC}
		{09F8AC1C-E203-476D-A59B-551405C12ED7} = {54EA380B-014B-475D-AD85-204BA261E614}
		{39002834-47DD-42A4-9E44-BB45E86C83D9} = {09F8AC1C-E203-476D-A59B-551405C12ED7}
	EndGlobalSection
	GlobalSection(ExtensibilityGlobals) = postSolution
		SolutionGuid = {5ABCFC25-B782-4553-8645-2A49D30D429E}
	EndGlobalSection
EndGlobal
